// !$*UTF8*$!
{
	archiveVersion = 1;
	classes = {
	};
	objectVersion = 56;
	objects = {

/* Begin PBXBuildFile section */
		0409BC3B2CDDE18B00BAC49C /* YarnPreview.swift in Sources */ = {isa = PBXBuildFile; fileRef = 0409BC3A2CDDE18B00BAC49C /* YarnPreview.swift */; };
		0409BC3D2CDDE63500BAC49C /* CenteredLoader.swift in Sources */ = {isa = PBXBuildFile; fileRef = 0409BC3C2CDDE63500BAC49C /* CenteredLoader.swift */; };
		0411DCCC2CD2835B00007296 /* DateUtils.swift in Sources */ = {isa = PBXBuildFile; fileRef = 0411DCCB2CD2835B00007296 /* DateUtils.swift */; };
		0411DCCE2CD28F5200007296 /* NewItemHeader.swift in Sources */ = {isa = PBXBuildFile; fileRef = 0411DCCD2CD28F5200007296 /* NewItemHeader.swift */; };
		041265072CC2AF7700D497BF /* YarnSuggestions.swift in Sources */ = {isa = PBXBuildFile; fileRef = 041265062CC2AF7700D497BF /* YarnSuggestions.swift */; };
		042530BD2CB24DF8008804C7 /* MaterialPicker.swift in Sources */ = {isa = PBXBuildFile; fileRef = 042530BC2CB24DF8008804C7 /* MaterialPicker.swift */; };
		042699B22CAF90E600F76B10 /* Pattern.swift in Sources */ = {isa = PBXBuildFile; fileRef = 042699B12CAF90E600F76B10 /* Pattern.swift */; };
		042B0A682CAE6300003CDCF0 /* PatternItem.swift in Sources */ = {isa = PBXBuildFile; fileRef = 042B0A672CAE6300003CDCF0 /* PatternItem.swift */; };
		042B0A6A2CAE63B0003CDCF0 /* CrochetHook.swift in Sources */ = {isa = PBXBuildFile; fileRef = 042B0A692CAE63B0003CDCF0 /* CrochetHook.swift */; };
		042B0A6C2CAE641C003CDCF0 /* KnittingNeedle.swift in Sources */ = {isa = PBXBuildFile; fileRef = 042B0A6B2CAE641C003CDCF0 /* KnittingNeedle.swift */; };
		042B0A6F2CAEFFBA003CDCF0 /* PatternUtils.swift in Sources */ = {isa = PBXBuildFile; fileRef = 042B0A6E2CAEFFBA003CDCF0 /* PatternUtils.swift */; };
		042B0A712CAF008E003CDCF0 /* PatternInfo.swift in Sources */ = {isa = PBXBuildFile; fileRef = 042B0A702CAF008E003CDCF0 /* PatternInfo.swift */; };
		042B0A742CAF309B003CDCF0 /* LaunchScreen.storyboard in Resources */ = {isa = PBXBuildFile; fileRef = 042B0A732CAF309B003CDCF0 /* LaunchScreen.storyboard */; };
		042B87F82CB06E0B00B34698 /* Image.swift in Sources */ = {isa = PBXBuildFile; fileRef = 042B87F72CB06E0B00B34698 /* Image.swift */; };
		042BF1562CA61D9D008740FB /* TextFieldTypeahead.swift in Sources */ = {isa = PBXBuildFile; fileRef = 042BF1552CA61D9D008740FB /* TextFieldTypeahead.swift */; };
		042CC1E82BAB9BFF008DD2F6 /* ConditionalStack.swift in Sources */ = {isa = PBXBuildFile; fileRef = 042CC1E72BAB9BFF008DD2F6 /* ConditionalStack.swift */; };
		043E16E72CB9A0E1005046B6 /* RecYarnForm.swift in Sources */ = {isa = PBXBuildFile; fileRef = 043E16E62CB9A0E1005046B6 /* RecYarnForm.swift */; };
		043E16E92CB9A76D005046B6 /* WeightAndYardage.swift in Sources */ = {isa = PBXBuildFile; fileRef = 043E16E82CB9A76D005046B6 /* WeightAndYardage.swift */; };
		043E16EB2CB9AA1A005046B6 /* WeightAndYardageForm.swift in Sources */ = {isa = PBXBuildFile; fileRef = 043E16EA2CB9AA1A005046B6 /* WeightAndYardageForm.swift */; };
		043E16ED2CBA0E52005046B6 /* ViewWeightAndYardage.swift in Sources */ = {isa = PBXBuildFile; fileRef = 043E16EC2CBA0E52005046B6 /* ViewWeightAndYardage.swift */; };
		043E16EF2CBB6B6A005046B6 /* CollapsibleView.swift in Sources */ = {isa = PBXBuildFile; fileRef = 043E16EE2CBB6B6A005046B6 /* CollapsibleView.swift */; };
		04421B592BAE25110034E16A /* Lato in Resources */ = {isa = PBXBuildFile; fileRef = 04421B582BAE25110034E16A /* Lato */; };
		04421B6B2BAF48B30034E16A /* OpenCVWrapper.mm in Sources */ = {isa = PBXBuildFile; fileRef = 04421B6A2BAF48B30034E16A /* OpenCVWrapper.mm */; };
		044E55CA2CCFED46004574FD /* FavoritePairing.swift in Sources */ = {isa = PBXBuildFile; fileRef = 044E55C92CCFED46004574FD /* FavoritePairing.swift */; };
		0454B9A72CE084DD005B4391 /* Dashboard.swift in Sources */ = {isa = PBXBuildFile; fileRef = 0454B9A62CE084DD005B4391 /* Dashboard.swift */; };
		0458137B2CD9382700784519 /* FilterPattern.swift in Sources */ = {isa = PBXBuildFile; fileRef = 0458137A2CD9382700784519 /* FilterPattern.swift */; };
		0464B6202CC2F78D00EADD48 /* PossiblePatterns.swift in Sources */ = {isa = PBXBuildFile; fileRef = 0464B61F2CC2F78D00EADD48 /* PossiblePatterns.swift */; };
		0466F21B2CA919CE0094F3DA /* View.swift in Sources */ = {isa = PBXBuildFile; fileRef = 0466F21A2CA919CE0094F3DA /* View.swift */; };
		0466F21D2CA91A780094F3DA /* AddOrEditPatternForm.swift in Sources */ = {isa = PBXBuildFile; fileRef = 0466F21C2CA91A780094F3DA /* AddOrEditPatternForm.swift */; };
		046A96442BA17B1C00E83055 /* Toast.swift in Sources */ = {isa = PBXBuildFile; fileRef = 046A96432BA17B1C00E83055 /* Toast.swift */; };
		046AAD422CE95BE500CCC55E /* Double.swift in Sources */ = {isa = PBXBuildFile; fileRef = 046AAD412CE95BE500CCC55E /* Double.swift */; };
		046DB2B82CD33D3400BAB71F /* RowCounterForm.swift in Sources */ = {isa = PBXBuildFile; fileRef = 046DB2B72CD33D3400BAB71F /* RowCounterForm.swift */; };
		046DB2BA2CD3F30000BAB71F /* RowCounter.swift in Sources */ = {isa = PBXBuildFile; fileRef = 046DB2B92CD3F30000BAB71F /* RowCounter.swift */; };
		04726D992C9A98BC008769A3 /* Composition.swift in Sources */ = {isa = PBXBuildFile; fileRef = 04726D982C9A98BC008769A3 /* Composition.swift */; };
		0473B97C2BA4021400595BE7 /* YarnInfo.swift in Sources */ = {isa = PBXBuildFile; fileRef = 0473B97B2BA4021400595BE7 /* YarnInfo.swift */; };
		047D02B32CC0178800DDF4F3 /* RecYarnHeader.swift in Sources */ = {isa = PBXBuildFile; fileRef = 047D02B22CC0178800DDF4F3 /* RecYarnHeader.swift */; };
		047DE4CC2B9FF40600F0A2D5 /* PersistenceController.swift in Sources */ = {isa = PBXBuildFile; fileRef = 047DE4CB2B9FF40600F0A2D5 /* PersistenceController.swift */; };
		047DE4CF2B9FF78700F0A2D5 /* Data.xcdatamodeld in Sources */ = {isa = PBXBuildFile; fileRef = 047DE4CD2B9FF78700F0A2D5 /* Data.xcdatamodeld */; };
		047DE4D52B9FFB6900F0A2D5 /* YarnList.swift in Sources */ = {isa = PBXBuildFile; fileRef = 047DE4D42B9FFB6900F0A2D5 /* YarnList.swift */; };
		0486973B2CD6C2B100C69076 /* ViewLengthAndYardage.swift in Sources */ = {isa = PBXBuildFile; fileRef = 0486973A2CD6C2B100C69076 /* ViewLengthAndYardage.swift */; };
		0486973D2CD7418C00C69076 /* SimpleHorizontalScroll.swift in Sources */ = {isa = PBXBuildFile; fileRef = 0486973C2CD7418C00C69076 /* SimpleHorizontalScroll.swift */; };
		048746B52CADC24700C3472B /* PatternEnums.swift in Sources */ = {isa = PBXBuildFile; fileRef = 048746B42CADC24700C3472B /* PatternEnums.swift */; };
		048D66052CA0E9890051D7A3 /* EditComposition.swift in Sources */ = {isa = PBXBuildFile; fileRef = 048D66042CA0E9890051D7A3 /* EditComposition.swift */; };
		048E0EB92CD17633009DBA67 /* Project.swift in Sources */ = {isa = PBXBuildFile; fileRef = 048E0EB82CD17633009DBA67 /* Project.swift */; };
		048E0EBB2CD17C43009DBA67 /* ProjectPairing.swift in Sources */ = {isa = PBXBuildFile; fileRef = 048E0EBA2CD17C43009DBA67 /* ProjectPairing.swift */; };
		048E0EBE2CD18304009DBA67 /* ProjectUtils.swift in Sources */ = {isa = PBXBuildFile; fileRef = 048E0EBD2CD18304009DBA67 /* ProjectUtils.swift */; };
		048E0EC12CD1893E009DBA67 /* ProjectEnums.swift in Sources */ = {isa = PBXBuildFile; fileRef = 048E0EC02CD1893E009DBA67 /* ProjectEnums.swift */; };
		048E0EC32CD18BF3009DBA67 /* Tabs.swift in Sources */ = {isa = PBXBuildFile; fileRef = 048E0EC22CD18BF3009DBA67 /* Tabs.swift */; };
		048E0EC52CD1D346009DBA67 /* ProjectInfo.swift in Sources */ = {isa = PBXBuildFile; fileRef = 048E0EC42CD1D346009DBA67 /* ProjectInfo.swift */; };
		048ED2E72CC7537A00DB790A /* ScrollDots.swift in Sources */ = {isa = PBXBuildFile; fileRef = 048ED2E62CC7537A00DB790A /* ScrollDots.swift */; };
		048ED2EB2CC9522200DB790A /* AddOrEditProjectForm.swift in Sources */ = {isa = PBXBuildFile; fileRef = 048ED2EA2CC9522200DB790A /* AddOrEditProjectForm.swift */; };
		04943C4C2CDD8A000022165C /* FlexView.swift in Sources */ = {isa = PBXBuildFile; fileRef = 04943C4B2CDD8A000022165C /* FlexView.swift */; };
		04943C4E2CDD93870022165C /* InfoCapsules.swift in Sources */ = {isa = PBXBuildFile; fileRef = 04943C4D2CDD93870022165C /* InfoCapsules.swift */; };
		049901AD2CFF671D00BE15FC /* UIImageColors in Frameworks */ = {isa = PBXBuildFile; productRef = 049901AC2CFF671D00BE15FC /* UIImageColors */; };
		049FAA4F2BD1BC3800CF06F7 /* yarn_segmentation_model.mlpackage in Sources */ = {isa = PBXBuildFile; fileRef = 049FAA4E2BD1BC3800CF06F7 /* yarn_segmentation_model.mlpackage */; };
		04A15AA02CD5652B00EA4B1D /* PatternPreview.swift in Sources */ = {isa = PBXBuildFile; fileRef = 04A15A9F2CD5652B00EA4B1D /* PatternPreview.swift */; };
		04A15AA22CD5EE0100EA4B1D /* FancyHorizontalScroll.swift in Sources */ = {isa = PBXBuildFile; fileRef = 04A15AA12CD5EE0100EA4B1D /* FancyHorizontalScroll.swift */; };
		04A5C3E02C4C1D8300CD5870 /* Color.swift in Sources */ = {isa = PBXBuildFile; fileRef = 04A5C3DF2C4C1D8300CD5870 /* Color.swift */; };
		04A5C3E22C4C1DA600CD5870 /* UIColor.swift in Sources */ = {isa = PBXBuildFile; fileRef = 04A5C3E12C4C1DA600CD5870 /* UIColor.swift */; };
		04A5C3E52C4C1DE600CD5870 /* ColorPickerView.swift in Sources */ = {isa = PBXBuildFile; fileRef = 04A5C3E42C4C1DE600CD5870 /* ColorPickerView.swift */; };
		04A5C3E72C4C1E1600CD5870 /* UIImage.swift in Sources */ = {isa = PBXBuildFile; fileRef = 04A5C3E62C4C1E1600CD5870 /* UIImage.swift */; };
		04A5C3ED2C4C1E8F00CD5870 /* AnalyzeColorUtils.swift in Sources */ = {isa = PBXBuildFile; fileRef = 04A5C3EC2C4C1E8F00CD5870 /* AnalyzeColorUtils.swift */; };
		04A81CF32CA4743D00BF66CC /* StoredImage.swift in Sources */ = {isa = PBXBuildFile; fileRef = 04A81CF22CA4743D00BF66CC /* StoredImage.swift */; };
		04A81CF52CA47C6100BF66CC /* ImageCarousel.swift in Sources */ = {isa = PBXBuildFile; fileRef = 04A81CF42CA47C6100BF66CC /* ImageCarousel.swift */; };
		04A81CFA2CA47E2000BF66CC /* YarnEnums.swift in Sources */ = {isa = PBXBuildFile; fileRef = 04A81CF92CA47E2000BF66CC /* YarnEnums.swift */; };
		04ADF9852CCB60EA00C821A5 /* WeightAndYardageUtils.swift in Sources */ = {isa = PBXBuildFile; fileRef = 04ADF9842CCB60EA00C821A5 /* WeightAndYardageUtils.swift */; };
		04B15C5E2C74F6F900A03751 /* StoredColor.swift in Sources */ = {isa = PBXBuildFile; fileRef = 04B15C5D2C74F6F900A03751 /* StoredColor.swift */; };
		04B15C602C76220300A03751 /* Yarn.swift in Sources */ = {isa = PBXBuildFile; fileRef = 04B15C5F2C76220300A03751 /* Yarn.swift */; };
		04B15C622C77BAF100A03751 /* FilterYarn.swift in Sources */ = {isa = PBXBuildFile; fileRef = 04B15C612C77BAF100A03751 /* FilterYarn.swift */; };
		04B4441A2CE1CF6400632718 /* PostCompleteForm.swift in Sources */ = {isa = PBXBuildFile; fileRef = 04B444192CE1CF6400632718 /* PostCompleteForm.swift */; };
		04B710272CA1E76900D9292A /* AnyTransition.swift in Sources */ = {isa = PBXBuildFile; fileRef = 04B710262CA1E76900D9292A /* AnyTransition.swift */; };
		04B74E752B9B6EFB00D19F52 /* WoolWalletApp.swift in Sources */ = {isa = PBXBuildFile; fileRef = 04B74E742B9B6EFB00D19F52 /* WoolWalletApp.swift */; };
		04B74E792B9B6EFE00D19F52 /* Assets.xcassets in Resources */ = {isa = PBXBuildFile; fileRef = 04B74E782B9B6EFE00D19F52 /* Assets.xcassets */; };
		04B74E7C2B9B6EFE00D19F52 /* Preview Assets.xcassets in Resources */ = {isa = PBXBuildFile; fileRef = 04B74E7B2B9B6EFE00D19F52 /* Preview Assets.xcassets */; };
		04B74E862B9B6EFE00D19F52 /* WoolWalletTests.swift in Sources */ = {isa = PBXBuildFile; fileRef = 04B74E852B9B6EFE00D19F52 /* WoolWalletTests.swift */; };
		04B74E902B9B6EFE00D19F52 /* WoolWalletUITests.swift in Sources */ = {isa = PBXBuildFile; fileRef = 04B74E8F2B9B6EFE00D19F52 /* WoolWalletUITests.swift */; };
		04B74E922B9B6EFE00D19F52 /* WoolWalletUITestsLaunchTests.swift in Sources */ = {isa = PBXBuildFile; fileRef = 04B74E912B9B6EFE00D19F52 /* WoolWalletUITestsLaunchTests.swift */; };
		04B9771D2CE5AF8B003FD911 /* Notion.swift in Sources */ = {isa = PBXBuildFile; fileRef = 04B9771C2CE5AF8A003FD911 /* Notion.swift */; };
		04B9771F2CE5C847003FD911 /* Technique.swift in Sources */ = {isa = PBXBuildFile; fileRef = 04B9771E2CE5C847003FD911 /* Technique.swift */; };
		04BAC0C12BAE0D1D00C26CD8 /* GlobalSettings.swift in Sources */ = {isa = PBXBuildFile; fileRef = 04BAC0C02BAE0D1D00C26CD8 /* GlobalSettings.swift */; };
		04BAC0C32BAE13E400C26CD8 /* YarnUtils.swift in Sources */ = {isa = PBXBuildFile; fileRef = 04BAC0C22BAE13E400C26CD8 /* YarnUtils.swift */; };
		04CA29212CDC17D30073DB20 /* PatternItemDisplay.swift in Sources */ = {isa = PBXBuildFile; fileRef = 04CA29202CDC17D30073DB20 /* PatternItemDisplay.swift */; };
		04CA29232CDC17F70073DB20 /* ProjectDateDisplay.swift in Sources */ = {isa = PBXBuildFile; fileRef = 04CA29222CDC17F70073DB20 /* ProjectDateDisplay.swift */; };
		04D415122C9F61BD004E1AFD /* AddOrEditYarnForm.swift in Sources */ = {isa = PBXBuildFile; fileRef = 04D415112C9F61BD004E1AFD /* AddOrEditYarnForm.swift */; };
		04D596032B9E9C2200E1913C /* AccessCamera.swift in Sources */ = {isa = PBXBuildFile; fileRef = 04D596022B9E9C2200E1913C /* AccessCamera.swift */; };
		04D5C44F2C87DFCD00DC9697 /* PatternList.swift in Sources */ = {isa = PBXBuildFile; fileRef = 04D5C44E2C87DFCD00DC9697 /* PatternList.swift */; };
		04D5C4512C87E01E00DC9697 /* ProjectList.swift in Sources */ = {isa = PBXBuildFile; fileRef = 04D5C4502C87E01E00DC9697 /* ProjectList.swift */; };
		04E6018E2CA915C100865991 /* .gitignore in Resources */ = {isa = PBXBuildFile; fileRef = 04E6018D2CA915C100865991 /* .gitignore */; };
		04F083E82CDB35DD002E40A0 /* FilterCapsule.swift in Sources */ = {isa = PBXBuildFile; fileRef = 04F083E72CDB35DD002E40A0 /* FilterCapsule.swift */; };
		04F083EA2CDBBF63002E40A0 /* ProjectPreview.swift in Sources */ = {isa = PBXBuildFile; fileRef = 04F083E92CDBBF63002E40A0 /* ProjectPreview.swift */; };
		04FB6FCA2CB39955008A0FE8 /* InfoCard.swift in Sources */ = {isa = PBXBuildFile; fileRef = 04FB6FC92CB39955008A0FE8 /* InfoCard.swift */; };
		974625F5C064D7615C374F39 /* Pods_WoolWalletTests.framework in Frameworks */ = {isa = PBXBuildFile; fileRef = CB342E0EDA72B2FE304CA5EF /* Pods_WoolWalletTests.framework */; };
		D245718BC4A8FD5685EB8A47 /* Pods_WoolWallet_WoolWalletUITests.framework in Frameworks */ = {isa = PBXBuildFile; fileRef = 4405C73761C0C80F39C184FE /* Pods_WoolWallet_WoolWalletUITests.framework */; };
		EAFBDCC3A5827221674ADABE /* Pods_WoolWallet.framework in Frameworks */ = {isa = PBXBuildFile; fileRef = D1C7C36A3BFA48BBBF4CE9E3 /* Pods_WoolWallet.framework */; };
/* End PBXBuildFile section */

/* Begin PBXContainerItemProxy section */
		04B74E822B9B6EFE00D19F52 /* PBXContainerItemProxy */ = {
			isa = PBXContainerItemProxy;
			containerPortal = 04B74E692B9B6EFB00D19F52 /* Project object */;
			proxyType = 1;
			remoteGlobalIDString = 04B74E702B9B6EFB00D19F52;
			remoteInfo = WoolWallet;
		};
		04B74E8C2B9B6EFE00D19F52 /* PBXContainerItemProxy */ = {
			isa = PBXContainerItemProxy;
			containerPortal = 04B74E692B9B6EFB00D19F52 /* Project object */;
			proxyType = 1;
			remoteGlobalIDString = 04B74E702B9B6EFB00D19F52;
			remoteInfo = WoolWallet;
		};
/* End PBXContainerItemProxy section */

/* Begin PBXFileReference section */
		0409BC3A2CDDE18B00BAC49C /* YarnPreview.swift */ = {isa = PBXFileReference; lastKnownFileType = sourcecode.swift; path = YarnPreview.swift; sourceTree = "<group>"; };
		0409BC3C2CDDE63500BAC49C /* CenteredLoader.swift */ = {isa = PBXFileReference; lastKnownFileType = sourcecode.swift; path = CenteredLoader.swift; sourceTree = "<group>"; };
		0411DCCB2CD2835B00007296 /* DateUtils.swift */ = {isa = PBXFileReference; lastKnownFileType = sourcecode.swift; path = DateUtils.swift; sourceTree = "<group>"; };
		0411DCCD2CD28F5200007296 /* NewItemHeader.swift */ = {isa = PBXFileReference; lastKnownFileType = sourcecode.swift; path = NewItemHeader.swift; sourceTree = "<group>"; };
		041265062CC2AF7700D497BF /* YarnSuggestions.swift */ = {isa = PBXFileReference; lastKnownFileType = sourcecode.swift; path = YarnSuggestions.swift; sourceTree = "<group>"; };
		042530BC2CB24DF8008804C7 /* MaterialPicker.swift */ = {isa = PBXFileReference; lastKnownFileType = sourcecode.swift; path = MaterialPicker.swift; sourceTree = "<group>"; };
		042699B12CAF90E600F76B10 /* Pattern.swift */ = {isa = PBXFileReference; lastKnownFileType = sourcecode.swift; path = Pattern.swift; sourceTree = "<group>"; };
		042B0A672CAE6300003CDCF0 /* PatternItem.swift */ = {isa = PBXFileReference; lastKnownFileType = sourcecode.swift; path = PatternItem.swift; sourceTree = "<group>"; };
		042B0A692CAE63B0003CDCF0 /* CrochetHook.swift */ = {isa = PBXFileReference; lastKnownFileType = sourcecode.swift; path = CrochetHook.swift; sourceTree = "<group>"; };
		042B0A6B2CAE641C003CDCF0 /* KnittingNeedle.swift */ = {isa = PBXFileReference; lastKnownFileType = sourcecode.swift; path = KnittingNeedle.swift; sourceTree = "<group>"; };
		042B0A6E2CAEFFBA003CDCF0 /* PatternUtils.swift */ = {isa = PBXFileReference; lastKnownFileType = sourcecode.swift; path = PatternUtils.swift; sourceTree = "<group>"; };
		042B0A702CAF008E003CDCF0 /* PatternInfo.swift */ = {isa = PBXFileReference; lastKnownFileType = sourcecode.swift; path = PatternInfo.swift; sourceTree = "<group>"; };
		042B0A722CAF2CFD003CDCF0 /* Info.plist */ = {isa = PBXFileReference; lastKnownFileType = text.plist; path = Info.plist; sourceTree = "<group>"; };
		042B0A732CAF309B003CDCF0 /* LaunchScreen.storyboard */ = {isa = PBXFileReference; lastKnownFileType = file.storyboard; path = LaunchScreen.storyboard; sourceTree = "<group>"; };
		042B87F72CB06E0B00B34698 /* Image.swift */ = {isa = PBXFileReference; lastKnownFileType = sourcecode.swift; path = Image.swift; sourceTree = "<group>"; };
		042BF1552CA61D9D008740FB /* TextFieldTypeahead.swift */ = {isa = PBXFileReference; lastKnownFileType = sourcecode.swift; path = TextFieldTypeahead.swift; sourceTree = "<group>"; };
		042CC1E72BAB9BFF008DD2F6 /* ConditionalStack.swift */ = {isa = PBXFileReference; lastKnownFileType = sourcecode.swift; path = ConditionalStack.swift; sourceTree = "<group>"; };
		043E16E62CB9A0E1005046B6 /* RecYarnForm.swift */ = {isa = PBXFileReference; lastKnownFileType = sourcecode.swift; path = RecYarnForm.swift; sourceTree = "<group>"; };
		043E16E82CB9A76D005046B6 /* WeightAndYardage.swift */ = {isa = PBXFileReference; lastKnownFileType = sourcecode.swift; path = WeightAndYardage.swift; sourceTree = "<group>"; };
		043E16EA2CB9AA1A005046B6 /* WeightAndYardageForm.swift */ = {isa = PBXFileReference; lastKnownFileType = sourcecode.swift; path = WeightAndYardageForm.swift; sourceTree = "<group>"; };
		043E16EC2CBA0E52005046B6 /* ViewWeightAndYardage.swift */ = {isa = PBXFileReference; lastKnownFileType = sourcecode.swift; path = ViewWeightAndYardage.swift; sourceTree = "<group>"; };
		043E16EE2CBB6B6A005046B6 /* CollapsibleView.swift */ = {isa = PBXFileReference; lastKnownFileType = sourcecode.swift; path = CollapsibleView.swift; sourceTree = "<group>"; };
		04421B582BAE25110034E16A /* Lato */ = {isa = PBXFileReference; lastKnownFileType = folder; path = Lato; sourceTree = "<group>"; };
		04421B692BAF48B30034E16A /* OpenCVWrapper.h */ = {isa = PBXFileReference; lastKnownFileType = sourcecode.c.h; path = OpenCVWrapper.h; sourceTree = "<group>"; };
		04421B6A2BAF48B30034E16A /* OpenCVWrapper.mm */ = {isa = PBXFileReference; lastKnownFileType = sourcecode.cpp.objcpp; path = OpenCVWrapper.mm; sourceTree = "<group>"; };
		04421B6C2BAF48E00034E16A /* WoolWallet-Bridging-Header.h */ = {isa = PBXFileReference; lastKnownFileType = sourcecode.c.h; path = "WoolWallet-Bridging-Header.h"; sourceTree = "<group>"; };
		04421B6D2BAF491B0034E16A /* PrefixHeader.pch */ = {isa = PBXFileReference; lastKnownFileType = sourcecode.c.h; path = PrefixHeader.pch; sourceTree = "<group>"; };
		044E55C92CCFED46004574FD /* FavoritePairing.swift */ = {isa = PBXFileReference; lastKnownFileType = sourcecode.swift; path = FavoritePairing.swift; sourceTree = "<group>"; };
		0454B9A62CE084DD005B4391 /* Dashboard.swift */ = {isa = PBXFileReference; lastKnownFileType = sourcecode.swift; path = Dashboard.swift; sourceTree = "<group>"; };
		0458137A2CD9382700784519 /* FilterPattern.swift */ = {isa = PBXFileReference; lastKnownFileType = sourcecode.swift; path = FilterPattern.swift; sourceTree = "<group>"; };
		0464B61F2CC2F78D00EADD48 /* PossiblePatterns.swift */ = {isa = PBXFileReference; lastKnownFileType = sourcecode.swift; path = PossiblePatterns.swift; sourceTree = "<group>"; };
		0466F21A2CA919CE0094F3DA /* View.swift */ = {isa = PBXFileReference; lastKnownFileType = sourcecode.swift; path = View.swift; sourceTree = "<group>"; };
		0466F21C2CA91A780094F3DA /* AddOrEditPatternForm.swift */ = {isa = PBXFileReference; lastKnownFileType = sourcecode.swift; path = AddOrEditPatternForm.swift; sourceTree = "<group>"; };
		046A96432BA17B1C00E83055 /* Toast.swift */ = {isa = PBXFileReference; lastKnownFileType = sourcecode.swift; path = Toast.swift; sourceTree = "<group>"; };
		046AAD412CE95BE500CCC55E /* Double.swift */ = {isa = PBXFileReference; lastKnownFileType = sourcecode.swift; path = Double.swift; sourceTree = "<group>"; };
		046DB2B72CD33D3400BAB71F /* RowCounterForm.swift */ = {isa = PBXFileReference; lastKnownFileType = sourcecode.swift; path = RowCounterForm.swift; sourceTree = "<group>"; };
		046DB2B92CD3F30000BAB71F /* RowCounter.swift */ = {isa = PBXFileReference; lastKnownFileType = sourcecode.swift; path = RowCounter.swift; sourceTree = "<group>"; };
		04726D982C9A98BC008769A3 /* Composition.swift */ = {isa = PBXFileReference; lastKnownFileType = sourcecode.swift; path = Composition.swift; sourceTree = "<group>"; };
		0473B97B2BA4021400595BE7 /* YarnInfo.swift */ = {isa = PBXFileReference; lastKnownFileType = sourcecode.swift; path = YarnInfo.swift; sourceTree = "<group>"; };
		047D02B22CC0178800DDF4F3 /* RecYarnHeader.swift */ = {isa = PBXFileReference; lastKnownFileType = sourcecode.swift; path = RecYarnHeader.swift; sourceTree = "<group>"; };
		047DE4CB2B9FF40600F0A2D5 /* PersistenceController.swift */ = {isa = PBXFileReference; lastKnownFileType = sourcecode.swift; path = PersistenceController.swift; sourceTree = "<group>"; };
		047DE4CE2B9FF78700F0A2D5 /* Data.xcdatamodel */ = {isa = PBXFileReference; lastKnownFileType = wrapper.xcdatamodel; path = Data.xcdatamodel; sourceTree = "<group>"; };
		047DE4D42B9FFB6900F0A2D5 /* YarnList.swift */ = {isa = PBXFileReference; lastKnownFileType = sourcecode.swift; path = YarnList.swift; sourceTree = "<group>"; };
		0486973A2CD6C2B100C69076 /* ViewLengthAndYardage.swift */ = {isa = PBXFileReference; lastKnownFileType = sourcecode.swift; path = ViewLengthAndYardage.swift; sourceTree = "<group>"; };
		0486973C2CD7418C00C69076 /* SimpleHorizontalScroll.swift */ = {isa = PBXFileReference; lastKnownFileType = sourcecode.swift; path = SimpleHorizontalScroll.swift; sourceTree = "<group>"; };
		048746B42CADC24700C3472B /* PatternEnums.swift */ = {isa = PBXFileReference; lastKnownFileType = sourcecode.swift; path = PatternEnums.swift; sourceTree = "<group>"; };
		048D66042CA0E9890051D7A3 /* EditComposition.swift */ = {isa = PBXFileReference; lastKnownFileType = sourcecode.swift; path = EditComposition.swift; sourceTree = "<group>"; };
		048E0EB82CD17633009DBA67 /* Project.swift */ = {isa = PBXFileReference; lastKnownFileType = sourcecode.swift; path = Project.swift; sourceTree = "<group>"; };
		048E0EBA2CD17C43009DBA67 /* ProjectPairing.swift */ = {isa = PBXFileReference; lastKnownFileType = sourcecode.swift; path = ProjectPairing.swift; sourceTree = "<group>"; };
		048E0EBD2CD18304009DBA67 /* ProjectUtils.swift */ = {isa = PBXFileReference; lastKnownFileType = sourcecode.swift; path = ProjectUtils.swift; sourceTree = "<group>"; };
		048E0EC02CD1893E009DBA67 /* ProjectEnums.swift */ = {isa = PBXFileReference; lastKnownFileType = sourcecode.swift; path = ProjectEnums.swift; sourceTree = "<group>"; };
		048E0EC22CD18BF3009DBA67 /* Tabs.swift */ = {isa = PBXFileReference; lastKnownFileType = sourcecode.swift; path = Tabs.swift; sourceTree = "<group>"; };
		048E0EC42CD1D346009DBA67 /* ProjectInfo.swift */ = {isa = PBXFileReference; lastKnownFileType = sourcecode.swift; path = ProjectInfo.swift; sourceTree = "<group>"; };
		048ED2E62CC7537A00DB790A /* ScrollDots.swift */ = {isa = PBXFileReference; lastKnownFileType = sourcecode.swift; path = ScrollDots.swift; sourceTree = "<group>"; };
		048ED2EA2CC9522200DB790A /* AddOrEditProjectForm.swift */ = {isa = PBXFileReference; lastKnownFileType = sourcecode.swift; path = AddOrEditProjectForm.swift; sourceTree = "<group>"; };
		04943C4B2CDD8A000022165C /* FlexView.swift */ = {isa = PBXFileReference; lastKnownFileType = sourcecode.swift; path = FlexView.swift; sourceTree = "<group>"; };
		04943C4D2CDD93870022165C /* InfoCapsules.swift */ = {isa = PBXFileReference; lastKnownFileType = sourcecode.swift; path = InfoCapsules.swift; sourceTree = "<group>"; };
		049FAA4E2BD1BC3800CF06F7 /* yarn_segmentation_model.mlpackage */ = {isa = PBXFileReference; lastKnownFileType = folder.mlpackage; path = yarn_segmentation_model.mlpackage; sourceTree = "<group>"; };
		04A15A9F2CD5652B00EA4B1D /* PatternPreview.swift */ = {isa = PBXFileReference; lastKnownFileType = sourcecode.swift; path = PatternPreview.swift; sourceTree = "<group>"; };
		04A15AA12CD5EE0100EA4B1D /* FancyHorizontalScroll.swift */ = {isa = PBXFileReference; lastKnownFileType = sourcecode.swift; path = FancyHorizontalScroll.swift; sourceTree = "<group>"; };
		04A5C3DF2C4C1D8300CD5870 /* Color.swift */ = {isa = PBXFileReference; lastKnownFileType = sourcecode.swift; path = Color.swift; sourceTree = "<group>"; };
		04A5C3E12C4C1DA600CD5870 /* UIColor.swift */ = {isa = PBXFileReference; lastKnownFileType = sourcecode.swift; path = UIColor.swift; sourceTree = "<group>"; };
		04A5C3E42C4C1DE600CD5870 /* ColorPickerView.swift */ = {isa = PBXFileReference; lastKnownFileType = sourcecode.swift; path = ColorPickerView.swift; sourceTree = "<group>"; };
		04A5C3E62C4C1E1600CD5870 /* UIImage.swift */ = {isa = PBXFileReference; lastKnownFileType = sourcecode.swift; path = UIImage.swift; sourceTree = "<group>"; };
		04A5C3EC2C4C1E8F00CD5870 /* AnalyzeColorUtils.swift */ = {isa = PBXFileReference; lastKnownFileType = sourcecode.swift; path = AnalyzeColorUtils.swift; sourceTree = "<group>"; };
		04A81CF22CA4743D00BF66CC /* StoredImage.swift */ = {isa = PBXFileReference; lastKnownFileType = sourcecode.swift; path = StoredImage.swift; sourceTree = "<group>"; };
		04A81CF42CA47C6100BF66CC /* ImageCarousel.swift */ = {isa = PBXFileReference; lastKnownFileType = sourcecode.swift; path = ImageCarousel.swift; sourceTree = "<group>"; };
		04A81CF92CA47E2000BF66CC /* YarnEnums.swift */ = {isa = PBXFileReference; lastKnownFileType = sourcecode.swift; path = YarnEnums.swift; sourceTree = "<group>"; };
		04ADF9842CCB60EA00C821A5 /* WeightAndYardageUtils.swift */ = {isa = PBXFileReference; lastKnownFileType = sourcecode.swift; path = WeightAndYardageUtils.swift; sourceTree = "<group>"; };
		04B15C5D2C74F6F900A03751 /* StoredColor.swift */ = {isa = PBXFileReference; lastKnownFileType = sourcecode.swift; path = StoredColor.swift; sourceTree = "<group>"; };
		04B15C5F2C76220300A03751 /* Yarn.swift */ = {isa = PBXFileReference; lastKnownFileType = sourcecode.swift; path = Yarn.swift; sourceTree = "<group>"; };
		04B15C612C77BAF100A03751 /* FilterYarn.swift */ = {isa = PBXFileReference; lastKnownFileType = sourcecode.swift; path = FilterYarn.swift; sourceTree = "<group>"; };
		04B444192CE1CF6400632718 /* PostCompleteForm.swift */ = {isa = PBXFileReference; lastKnownFileType = sourcecode.swift; path = PostCompleteForm.swift; sourceTree = "<group>"; };
		04B710262CA1E76900D9292A /* AnyTransition.swift */ = {isa = PBXFileReference; lastKnownFileType = sourcecode.swift; path = AnyTransition.swift; sourceTree = "<group>"; };
		04B74E712B9B6EFB00D19F52 /* WoolWallet.app */ = {isa = PBXFileReference; explicitFileType = wrapper.application; includeInIndex = 0; path = WoolWallet.app; sourceTree = BUILT_PRODUCTS_DIR; };
		04B74E742B9B6EFB00D19F52 /* WoolWalletApp.swift */ = {isa = PBXFileReference; lastKnownFileType = sourcecode.swift; path = WoolWalletApp.swift; sourceTree = "<group>"; };
		04B74E782B9B6EFE00D19F52 /* Assets.xcassets */ = {isa = PBXFileReference; lastKnownFileType = folder.assetcatalog; path = Assets.xcassets; sourceTree = "<group>"; };
		04B74E7B2B9B6EFE00D19F52 /* Preview Assets.xcassets */ = {isa = PBXFileReference; lastKnownFileType = folder.assetcatalog; path = "Preview Assets.xcassets"; sourceTree = "<group>"; };
		04B74E812B9B6EFE00D19F52 /* WoolWalletTests.xctest */ = {isa = PBXFileReference; explicitFileType = wrapper.cfbundle; includeInIndex = 0; path = WoolWalletTests.xctest; sourceTree = BUILT_PRODUCTS_DIR; };
		04B74E852B9B6EFE00D19F52 /* WoolWalletTests.swift */ = {isa = PBXFileReference; lastKnownFileType = sourcecode.swift; path = WoolWalletTests.swift; sourceTree = "<group>"; };
		04B74E8B2B9B6EFE00D19F52 /* WoolWalletUITests.xctest */ = {isa = PBXFileReference; explicitFileType = wrapper.cfbundle; includeInIndex = 0; path = WoolWalletUITests.xctest; sourceTree = BUILT_PRODUCTS_DIR; };
		04B74E8F2B9B6EFE00D19F52 /* WoolWalletUITests.swift */ = {isa = PBXFileReference; lastKnownFileType = sourcecode.swift; path = WoolWalletUITests.swift; sourceTree = "<group>"; };
		04B74E912B9B6EFE00D19F52 /* WoolWalletUITestsLaunchTests.swift */ = {isa = PBXFileReference; lastKnownFileType = sourcecode.swift; path = WoolWalletUITestsLaunchTests.swift; sourceTree = "<group>"; };
		04B9771C2CE5AF8A003FD911 /* Notion.swift */ = {isa = PBXFileReference; lastKnownFileType = sourcecode.swift; path = Notion.swift; sourceTree = "<group>"; };
		04B9771E2CE5C847003FD911 /* Technique.swift */ = {isa = PBXFileReference; lastKnownFileType = sourcecode.swift; path = Technique.swift; sourceTree = "<group>"; };
		04BAC0C02BAE0D1D00C26CD8 /* GlobalSettings.swift */ = {isa = PBXFileReference; lastKnownFileType = sourcecode.swift; path = GlobalSettings.swift; sourceTree = "<group>"; };
		04BAC0C22BAE13E400C26CD8 /* YarnUtils.swift */ = {isa = PBXFileReference; lastKnownFileType = sourcecode.swift; path = YarnUtils.swift; sourceTree = "<group>"; };
		04BAC0C52BAE23C000C26CD8 /* Info.plist */ = {isa = PBXFileReference; lastKnownFileType = text.plist; path = Info.plist; sourceTree = "<group>"; };
		04CA29202CDC17D30073DB20 /* PatternItemDisplay.swift */ = {isa = PBXFileReference; lastKnownFileType = sourcecode.swift; path = PatternItemDisplay.swift; sourceTree = "<group>"; };
		04CA29222CDC17F70073DB20 /* ProjectDateDisplay.swift */ = {isa = PBXFileReference; lastKnownFileType = sourcecode.swift; path = ProjectDateDisplay.swift; sourceTree = "<group>"; };
		04D415112C9F61BD004E1AFD /* AddOrEditYarnForm.swift */ = {isa = PBXFileReference; lastKnownFileType = sourcecode.swift; path = AddOrEditYarnForm.swift; sourceTree = "<group>"; };
		04D596022B9E9C2200E1913C /* AccessCamera.swift */ = {isa = PBXFileReference; lastKnownFileType = sourcecode.swift; path = AccessCamera.swift; sourceTree = "<group>"; };
		04D5C44E2C87DFCD00DC9697 /* PatternList.swift */ = {isa = PBXFileReference; lastKnownFileType = sourcecode.swift; path = PatternList.swift; sourceTree = "<group>"; };
		04D5C4502C87E01E00DC9697 /* ProjectList.swift */ = {isa = PBXFileReference; lastKnownFileType = sourcecode.swift; path = ProjectList.swift; sourceTree = "<group>"; };
		04E6018D2CA915C100865991 /* .gitignore */ = {isa = PBXFileReference; lastKnownFileType = text; path = .gitignore; sourceTree = "<group>"; };
		04F083E72CDB35DD002E40A0 /* FilterCapsule.swift */ = {isa = PBXFileReference; lastKnownFileType = sourcecode.swift; path = FilterCapsule.swift; sourceTree = "<group>"; };
		04F083E92CDBBF63002E40A0 /* ProjectPreview.swift */ = {isa = PBXFileReference; lastKnownFileType = sourcecode.swift; path = ProjectPreview.swift; sourceTree = "<group>"; };
		04FB6FC92CB39955008A0FE8 /* InfoCard.swift */ = {isa = PBXFileReference; lastKnownFileType = sourcecode.swift; path = InfoCard.swift; sourceTree = "<group>"; };
		05E59D743EE22A611AB12A69 /* Pods-WoolWallet-WoolWalletUITests.debug.xcconfig */ = {isa = PBXFileReference; includeInIndex = 1; lastKnownFileType = text.xcconfig; name = "Pods-WoolWallet-WoolWalletUITests.debug.xcconfig"; path = "Target Support Files/Pods-WoolWallet-WoolWalletUITests/Pods-WoolWallet-WoolWalletUITests.debug.xcconfig"; sourceTree = "<group>"; };
		4405C73761C0C80F39C184FE /* Pods_WoolWallet_WoolWalletUITests.framework */ = {isa = PBXFileReference; explicitFileType = wrapper.framework; includeInIndex = 0; path = Pods_WoolWallet_WoolWalletUITests.framework; sourceTree = BUILT_PRODUCTS_DIR; };
		7338B4F5185D3C1E765D3F2E /* Pods-WoolWalletTests.release.xcconfig */ = {isa = PBXFileReference; includeInIndex = 1; lastKnownFileType = text.xcconfig; name = "Pods-WoolWalletTests.release.xcconfig"; path = "Target Support Files/Pods-WoolWalletTests/Pods-WoolWalletTests.release.xcconfig"; sourceTree = "<group>"; };
		95AC5E60B07B5C18EEC548D0 /* Pods-WoolWalletTests.debug.xcconfig */ = {isa = PBXFileReference; includeInIndex = 1; lastKnownFileType = text.xcconfig; name = "Pods-WoolWalletTests.debug.xcconfig"; path = "Target Support Files/Pods-WoolWalletTests/Pods-WoolWalletTests.debug.xcconfig"; sourceTree = "<group>"; };
		CA9ED2561CDE493CE7D6CA76 /* Pods-WoolWallet-WoolWalletUITests.release.xcconfig */ = {isa = PBXFileReference; includeInIndex = 1; lastKnownFileType = text.xcconfig; name = "Pods-WoolWallet-WoolWalletUITests.release.xcconfig"; path = "Target Support Files/Pods-WoolWallet-WoolWalletUITests/Pods-WoolWallet-WoolWalletUITests.release.xcconfig"; sourceTree = "<group>"; };
		CB342E0EDA72B2FE304CA5EF /* Pods_WoolWalletTests.framework */ = {isa = PBXFileReference; explicitFileType = wrapper.framework; includeInIndex = 0; path = Pods_WoolWalletTests.framework; sourceTree = BUILT_PRODUCTS_DIR; };
		D1C7C36A3BFA48BBBF4CE9E3 /* Pods_WoolWallet.framework */ = {isa = PBXFileReference; explicitFileType = wrapper.framework; includeInIndex = 0; path = Pods_WoolWallet.framework; sourceTree = BUILT_PRODUCTS_DIR; };
		F74F68A142EF87440C101085 /* Pods-WoolWallet.release.xcconfig */ = {isa = PBXFileReference; includeInIndex = 1; lastKnownFileType = text.xcconfig; name = "Pods-WoolWallet.release.xcconfig"; path = "Target Support Files/Pods-WoolWallet/Pods-WoolWallet.release.xcconfig"; sourceTree = "<group>"; };
		FDA0566D778E92170B72CEA8 /* Pods-WoolWallet.debug.xcconfig */ = {isa = PBXFileReference; includeInIndex = 1; lastKnownFileType = text.xcconfig; name = "Pods-WoolWallet.debug.xcconfig"; path = "Target Support Files/Pods-WoolWallet/Pods-WoolWallet.debug.xcconfig"; sourceTree = "<group>"; };
/* End PBXFileReference section */

/* Begin PBXFrameworksBuildPhase section */
		04B74E6E2B9B6EFB00D19F52 /* Frameworks */ = {
			isa = PBXFrameworksBuildPhase;
			buildActionMask = 2147483647;
			files = (
				049901AD2CFF671D00BE15FC /* UIImageColors in Frameworks */,
				EAFBDCC3A5827221674ADABE /* Pods_WoolWallet.framework in Frameworks */,
			);
			runOnlyForDeploymentPostprocessing = 0;
		};
		04B74E7E2B9B6EFE00D19F52 /* Frameworks */ = {
			isa = PBXFrameworksBuildPhase;
			buildActionMask = 2147483647;
			files = (
				974625F5C064D7615C374F39 /* Pods_WoolWalletTests.framework in Frameworks */,
			);
			runOnlyForDeploymentPostprocessing = 0;
		};
		04B74E882B9B6EFE00D19F52 /* Frameworks */ = {
			isa = PBXFrameworksBuildPhase;
			buildActionMask = 2147483647;
			files = (
				D245718BC4A8FD5685EB8A47 /* Pods_WoolWallet_WoolWalletUITests.framework in Frameworks */,
			);
			runOnlyForDeploymentPostprocessing = 0;
		};
/* End PBXFrameworksBuildPhase section */

/* Begin PBXGroup section */
		042B0A662CAE62EE003CDCF0 /* Extensions */ = {
			isa = PBXGroup;
			children = (
				042B0A672CAE6300003CDCF0 /* PatternItem.swift */,
				042B0A692CAE63B0003CDCF0 /* CrochetHook.swift */,
				042B0A6B2CAE641C003CDCF0 /* KnittingNeedle.swift */,
				042699B12CAF90E600F76B10 /* Pattern.swift */,
				04B9771C2CE5AF8A003FD911 /* Notion.swift */,
				04B9771E2CE5C847003FD911 /* Technique.swift */,
			);
			path = Extensions;
			sourceTree = "<group>";
		};
		042B0A6D2CAEFFAC003CDCF0 /* Utils */ = {
			isa = PBXGroup;
			children = (
				042B0A6E2CAEFFBA003CDCF0 /* PatternUtils.swift */,
			);
			path = Utils;
			sourceTree = "<group>";
		};
		04421B572BAE24E90034E16A /* Fonts */ = {
			isa = PBXGroup;
			children = (
				04421B582BAE25110034E16A /* Lato */,
			);
			path = Fonts;
			sourceTree = "<group>";
		};
		04421B622BAE98680034E16A /* ObjectiveC */ = {
			isa = PBXGroup;
			children = (
				04421B692BAF48B30034E16A /* OpenCVWrapper.h */,
				04421B6A2BAF48B30034E16A /* OpenCVWrapper.mm */,
				04421B6C2BAF48E00034E16A /* WoolWallet-Bridging-Header.h */,
				04421B6D2BAF491B0034E16A /* PrefixHeader.pch */,
			);
			path = ObjectiveC;
			sourceTree = "<group>";
		};
		0454B9A52CE084CD005B4391 /* Dashboard */ = {
			isa = PBXGroup;
			children = (
				0454B9A62CE084DD005B4391 /* Dashboard.swift */,
			);
			path = Dashboard;
			sourceTree = "<group>";
		};
		047D02B12CC0176F00DDF4F3 /* Helpers */ = {
			isa = PBXGroup;
			children = (
				0464B61F2CC2F78D00EADD48 /* PossiblePatterns.swift */,
				04A15A9F2CD5652B00EA4B1D /* PatternPreview.swift */,
				04CA29202CDC17D30073DB20 /* PatternItemDisplay.swift */,
				043E16E62CB9A0E1005046B6 /* RecYarnForm.swift */,
				047D02B22CC0178800DDF4F3 /* RecYarnHeader.swift */,
				0458137A2CD9382700784519 /* FilterPattern.swift */,
			);
			path = Helpers;
			sourceTree = "<group>";
		};
		047DE4C02B9FEF7000F0A2D5 /* Controllers */ = {
			isa = PBXGroup;
			children = (
				047DE4CB2B9FF40600F0A2D5 /* PersistenceController.swift */,
			);
			path = Controllers;
			sourceTree = "<group>";
		};
		048746B32CADC23700C3472B /* Enums */ = {
			isa = PBXGroup;
			children = (
				048746B42CADC24700C3472B /* PatternEnums.swift */,
			);
			path = Enums;
			sourceTree = "<group>";
		};
		048E0EB72CD17627009DBA67 /* Extensions */ = {
			isa = PBXGroup;
			children = (
				048E0EB82CD17633009DBA67 /* Project.swift */,
				048E0EBA2CD17C43009DBA67 /* ProjectPairing.swift */,
				046DB2B92CD3F30000BAB71F /* RowCounter.swift */,
			);
			path = Extensions;
			sourceTree = "<group>";
		};
		048E0EBC2CD182F8009DBA67 /* Utils */ = {
			isa = PBXGroup;
			children = (
				048E0EBD2CD18304009DBA67 /* ProjectUtils.swift */,
			);
			path = Utils;
			sourceTree = "<group>";
		};
		048E0EBF2CD1892E009DBA67 /* Enums */ = {
			isa = PBXGroup;
			children = (
				048E0EC02CD1893E009DBA67 /* ProjectEnums.swift */,
			);
			path = Enums;
			sourceTree = "<group>";
		};
		048ED2EC2CC997BF00DB790A /* Helpers */ = {
			isa = PBXGroup;
			children = (
				04F083E92CDBBF63002E40A0 /* ProjectPreview.swift */,
				046DB2B72CD33D3400BAB71F /* RowCounterForm.swift */,
				04CA29222CDC17F70073DB20 /* ProjectDateDisplay.swift */,
				04B444192CE1CF6400632718 /* PostCompleteForm.swift */,
			);
			path = Helpers;
			sourceTree = "<group>";
		};
		04A5C3D82C4C1A6A00CD5870 /* Extensions */ = {
			isa = PBXGroup;
			children = (
				046A96432BA17B1C00E83055 /* Toast.swift */,
				04A5C3DF2C4C1D8300CD5870 /* Color.swift */,
				04A5C3E12C4C1DA600CD5870 /* UIColor.swift */,
				04A5C3E62C4C1E1600CD5870 /* UIImage.swift */,
				04B710262CA1E76900D9292A /* AnyTransition.swift */,
				04A81CF22CA4743D00BF66CC /* StoredImage.swift */,
				0466F21A2CA919CE0094F3DA /* View.swift */,
				042B87F72CB06E0B00B34698 /* Image.swift */,
				043E16E82CB9A76D005046B6 /* WeightAndYardage.swift */,
				044E55C92CCFED46004574FD /* FavoritePairing.swift */,
				046AAD412CE95BE500CCC55E /* Double.swift */,
			);
			path = Extensions;
			sourceTree = "<group>";
		};
		04A5C3E32C4C1DBA00CD5870 /* Utils */ = {
			isa = PBXGroup;
			children = (
				04ADF9842CCB60EA00C821A5 /* WeightAndYardageUtils.swift */,
				0411DCCB2CD2835B00007296 /* DateUtils.swift */,
			);
			path = Utils;
			sourceTree = "<group>";
		};
		04A81CF62CA47D6900BF66CC /* Enums */ = {
			isa = PBXGroup;
			children = (
				04A81CF92CA47E2000BF66CC /* YarnEnums.swift */,
			);
			path = Enums;
			sourceTree = "<group>";
		};
		04A81CFB2CA47F2100BF66CC /* Yarn */ = {
			isa = PBXGroup;
			children = (
				04A81D052CA480C100BF66CC /* MachineLearning */,
				04A81CF62CA47D6900BF66CC /* Enums */,
				04A81D012CA4802800BF66CC /* Extensions */,
				04A81D002CA47FF600BF66CC /* Helpers */,
				04A81CFF2CA47FC900BF66CC /* Utils */,
				04D415112C9F61BD004E1AFD /* AddOrEditYarnForm.swift */,
				0473B97B2BA4021400595BE7 /* YarnInfo.swift */,
				047DE4D42B9FFB6900F0A2D5 /* YarnList.swift */,
			);
			path = Yarn;
			sourceTree = "<group>";
		};
		04A81CFC2CA47F6C00BF66CC /* Pattern */ = {
			isa = PBXGroup;
			children = (
				047D02B12CC0176F00DDF4F3 /* Helpers */,
				042B0A6D2CAEFFAC003CDCF0 /* Utils */,
				042B0A662CAE62EE003CDCF0 /* Extensions */,
				048746B32CADC23700C3472B /* Enums */,
				04D5C44E2C87DFCD00DC9697 /* PatternList.swift */,
				0466F21C2CA91A780094F3DA /* AddOrEditPatternForm.swift */,
				042B0A702CAF008E003CDCF0 /* PatternInfo.swift */,
			);
			path = Pattern;
			sourceTree = "<group>";
		};
		04A81CFD2CA47F7D00BF66CC /* Project */ = {
			isa = PBXGroup;
			children = (
				048E0EBF2CD1892E009DBA67 /* Enums */,
				048E0EBC2CD182F8009DBA67 /* Utils */,
				048E0EB72CD17627009DBA67 /* Extensions */,
				048ED2EC2CC997BF00DB790A /* Helpers */,
				04D5C4502C87E01E00DC9697 /* ProjectList.swift */,
				048ED2EA2CC9522200DB790A /* AddOrEditProjectForm.swift */,
				048E0EC42CD1D346009DBA67 /* ProjectInfo.swift */,
			);
			path = Project;
			sourceTree = "<group>";
		};
		04A81CFE2CA47FA500BF66CC /* Global */ = {
			isa = PBXGroup;
			children = (
				04BAC0C02BAE0D1D00C26CD8 /* GlobalSettings.swift */,
				04421B572BAE24E90034E16A /* Fonts */,
				047DE4C02B9FEF7000F0A2D5 /* Controllers */,
				04A5C3D82C4C1A6A00CD5870 /* Extensions */,
				04D595FF2B9E9BC400E1913C /* Helpers */,
				04A5C3E32C4C1DBA00CD5870 /* Utils */,
			);
			path = Global;
			sourceTree = "<group>";
		};
		04A81CFF2CA47FC900BF66CC /* Utils */ = {
			isa = PBXGroup;
			children = (
				04A5C3EC2C4C1E8F00CD5870 /* AnalyzeColorUtils.swift */,
				04BAC0C22BAE13E400C26CD8 /* YarnUtils.swift */,
			);
			path = Utils;
			sourceTree = "<group>";
		};
		04A81D002CA47FF600BF66CC /* Helpers */ = {
			isa = PBXGroup;
			children = (
				041265062CC2AF7700D497BF /* YarnSuggestions.swift */,
				04B15C612C77BAF100A03751 /* FilterYarn.swift */,
				048D66042CA0E9890051D7A3 /* EditComposition.swift */,
				04A5C3E42C4C1DE600CD5870 /* ColorPickerView.swift */,
				042530BC2CB24DF8008804C7 /* MaterialPicker.swift */,
				0409BC3A2CDDE18B00BAC49C /* YarnPreview.swift */,
			);
			path = Helpers;
			sourceTree = "<group>";
		};
		04A81D012CA4802800BF66CC /* Extensions */ = {
			isa = PBXGroup;
			children = (
				04726D982C9A98BC008769A3 /* Composition.swift */,
				04B15C5D2C74F6F900A03751 /* StoredColor.swift */,
				04B15C5F2C76220300A03751 /* Yarn.swift */,
			);
			path = Extensions;
			sourceTree = "<group>";
		};
		04A81D052CA480C100BF66CC /* MachineLearning */ = {
			isa = PBXGroup;
			children = (
				04421B622BAE98680034E16A /* ObjectiveC */,
				049FAA4E2BD1BC3800CF06F7 /* yarn_segmentation_model.mlpackage */,
			);
			path = MachineLearning;
			sourceTree = "<group>";
		};
		04B74E682B9B6EFB00D19F52 = {
			isa = PBXGroup;
			children = (
				04E6018D2CA915C100865991 /* .gitignore */,
				04B74E732B9B6EFB00D19F52 /* WoolWallet */,
				04B74E842B9B6EFE00D19F52 /* WoolWalletTests */,
				04B74E8E2B9B6EFE00D19F52 /* WoolWalletUITests */,
				04B74E722B9B6EFB00D19F52 /* Products */,
				0CB11331B70CA05194C0223A /* Pods */,
				C62C5484CEB78556C216125B /* Frameworks */,
			);
			sourceTree = "<group>";
		};
		04B74E722B9B6EFB00D19F52 /* Products */ = {
			isa = PBXGroup;
			children = (
				04B74E712B9B6EFB00D19F52 /* WoolWallet.app */,
				04B74E812B9B6EFE00D19F52 /* WoolWalletTests.xctest */,
				04B74E8B2B9B6EFE00D19F52 /* WoolWalletUITests.xctest */,
			);
			name = Products;
			sourceTree = "<group>";
		};
		04B74E732B9B6EFB00D19F52 /* WoolWallet */ = {
			isa = PBXGroup;
			children = (
				0454B9A52CE084CD005B4391 /* Dashboard */,
				042B0A722CAF2CFD003CDCF0 /* Info.plist */,
				04A81CFE2CA47FA500BF66CC /* Global */,
				04A81CFD2CA47F7D00BF66CC /* Project */,
				04A81CFC2CA47F6C00BF66CC /* Pattern */,
				04A81CFB2CA47F2100BF66CC /* Yarn */,
				04B74E742B9B6EFB00D19F52 /* WoolWalletApp.swift */,
				04B74E782B9B6EFE00D19F52 /* Assets.xcassets */,
				04B74E7A2B9B6EFE00D19F52 /* Preview Content */,
				047DE4CD2B9FF78700F0A2D5 /* Data.xcdatamodeld */,
				042B0A732CAF309B003CDCF0 /* LaunchScreen.storyboard */,
			);
			path = WoolWallet;
			sourceTree = "<group>";
		};
		04B74E7A2B9B6EFE00D19F52 /* Preview Content */ = {
			isa = PBXGroup;
			children = (
				04B74E7B2B9B6EFE00D19F52 /* Preview Assets.xcassets */,
			);
			path = "Preview Content";
			sourceTree = "<group>";
		};
		04B74E842B9B6EFE00D19F52 /* WoolWalletTests */ = {
			isa = PBXGroup;
			children = (
				04BAC0C52BAE23C000C26CD8 /* Info.plist */,
				04B74E852B9B6EFE00D19F52 /* WoolWalletTests.swift */,
			);
			path = WoolWalletTests;
			sourceTree = "<group>";
		};
		04B74E8E2B9B6EFE00D19F52 /* WoolWalletUITests */ = {
			isa = PBXGroup;
			children = (
				04B74E8F2B9B6EFE00D19F52 /* WoolWalletUITests.swift */,
				04B74E912B9B6EFE00D19F52 /* WoolWalletUITestsLaunchTests.swift */,
			);
			path = WoolWalletUITests;
			sourceTree = "<group>";
		};
		04D595FF2B9E9BC400E1913C /* Helpers */ = {
			isa = PBXGroup;
			children = (
				04D596022B9E9C2200E1913C /* AccessCamera.swift */,
				042CC1E72BAB9BFF008DD2F6 /* ConditionalStack.swift */,
				04A81CF42CA47C6100BF66CC /* ImageCarousel.swift */,
				042BF1552CA61D9D008740FB /* TextFieldTypeahead.swift */,
				04FB6FC92CB39955008A0FE8 /* InfoCard.swift */,
				043E16EA2CB9AA1A005046B6 /* WeightAndYardageForm.swift */,
				043E16EC2CBA0E52005046B6 /* ViewWeightAndYardage.swift */,
				043E16EE2CBB6B6A005046B6 /* CollapsibleView.swift */,
				048ED2E62CC7537A00DB790A /* ScrollDots.swift */,
				048E0EC22CD18BF3009DBA67 /* Tabs.swift */,
				0411DCCD2CD28F5200007296 /* NewItemHeader.swift */,
				04A15AA12CD5EE0100EA4B1D /* FancyHorizontalScroll.swift */,
				0486973A2CD6C2B100C69076 /* ViewLengthAndYardage.swift */,
				0486973C2CD7418C00C69076 /* SimpleHorizontalScroll.swift */,
				04F083E72CDB35DD002E40A0 /* FilterCapsule.swift */,
				04943C4B2CDD8A000022165C /* FlexView.swift */,
				04943C4D2CDD93870022165C /* InfoCapsules.swift */,
				0409BC3C2CDDE63500BAC49C /* CenteredLoader.swift */,
			);
			path = Helpers;
			sourceTree = "<group>";
		};
		0CB11331B70CA05194C0223A /* Pods */ = {
			isa = PBXGroup;
			children = (
				FDA0566D778E92170B72CEA8 /* Pods-WoolWallet.debug.xcconfig */,
				F74F68A142EF87440C101085 /* Pods-WoolWallet.release.xcconfig */,
				05E59D743EE22A611AB12A69 /* Pods-WoolWallet-WoolWalletUITests.debug.xcconfig */,
				CA9ED2561CDE493CE7D6CA76 /* Pods-WoolWallet-WoolWalletUITests.release.xcconfig */,
				95AC5E60B07B5C18EEC548D0 /* Pods-WoolWalletTests.debug.xcconfig */,
				7338B4F5185D3C1E765D3F2E /* Pods-WoolWalletTests.release.xcconfig */,
			);
			path = Pods;
			sourceTree = "<group>";
		};
		C62C5484CEB78556C216125B /* Frameworks */ = {
			isa = PBXGroup;
			children = (
				D1C7C36A3BFA48BBBF4CE9E3 /* Pods_WoolWallet.framework */,
				4405C73761C0C80F39C184FE /* Pods_WoolWallet_WoolWalletUITests.framework */,
				CB342E0EDA72B2FE304CA5EF /* Pods_WoolWalletTests.framework */,
			);
			name = Frameworks;
			sourceTree = "<group>";
		};
/* End PBXGroup section */

/* Begin PBXNativeTarget section */
		04B74E702B9B6EFB00D19F52 /* WoolWallet */ = {
			isa = PBXNativeTarget;
			buildConfigurationList = 04B74E952B9B6EFE00D19F52 /* Build configuration list for PBXNativeTarget "WoolWallet" */;
			buildPhases = (
				645D2749E750772DAB74830C /* [CP] Check Pods Manifest.lock */,
				04B74E6D2B9B6EFB00D19F52 /* Sources */,
				04B74E6E2B9B6EFB00D19F52 /* Frameworks */,
				04B74E6F2B9B6EFB00D19F52 /* Resources */,
				1D4E16C01216C373C9D026BB /* [CP] Embed Pods Frameworks */,
			);
			buildRules = (
			);
			dependencies = (
			);
			name = WoolWallet;
			packageProductDependencies = (
				049901AC2CFF671D00BE15FC /* UIImageColors */,
			);
			productName = WoolWallet;
			productReference = 04B74E712B9B6EFB00D19F52 /* WoolWallet.app */;
			productType = "com.apple.product-type.application";
		};
		04B74E802B9B6EFE00D19F52 /* WoolWalletTests */ = {
			isa = PBXNativeTarget;
			buildConfigurationList = 04B74E982B9B6EFE00D19F52 /* Build configuration list for PBXNativeTarget "WoolWalletTests" */;
			buildPhases = (
				17EA170940187FD28E3C03CC /* [CP] Check Pods Manifest.lock */,
				04B74E7D2B9B6EFE00D19F52 /* Sources */,
				04B74E7E2B9B6EFE00D19F52 /* Frameworks */,
				04B74E7F2B9B6EFE00D19F52 /* Resources */,
			);
			buildRules = (
			);
			dependencies = (
				04B74E832B9B6EFE00D19F52 /* PBXTargetDependency */,
			);
			name = WoolWalletTests;
			productName = WoolWalletTests;
			productReference = 04B74E812B9B6EFE00D19F52 /* WoolWalletTests.xctest */;
			productType = "com.apple.product-type.bundle.unit-test";
		};
		04B74E8A2B9B6EFE00D19F52 /* WoolWalletUITests */ = {
			isa = PBXNativeTarget;
			buildConfigurationList = 04B74E9B2B9B6EFE00D19F52 /* Build configuration list for PBXNativeTarget "WoolWalletUITests" */;
			buildPhases = (
				144F0031B410A0ABB7A11958 /* [CP] Check Pods Manifest.lock */,
				04B74E872B9B6EFE00D19F52 /* Sources */,
				04B74E882B9B6EFE00D19F52 /* Frameworks */,
				04B74E892B9B6EFE00D19F52 /* Resources */,
				BC1B404ED21A516BDC995A66 /* [CP] Embed Pods Frameworks */,
			);
			buildRules = (
			);
			dependencies = (
				04B74E8D2B9B6EFE00D19F52 /* PBXTargetDependency */,
			);
			name = WoolWalletUITests;
			productName = WoolWalletUITests;
			productReference = 04B74E8B2B9B6EFE00D19F52 /* WoolWalletUITests.xctest */;
			productType = "com.apple.product-type.bundle.ui-testing";
		};
/* End PBXNativeTarget section */

/* Begin PBXProject section */
		04B74E692B9B6EFB00D19F52 /* Project object */ = {
			isa = PBXProject;
			attributes = {
				BuildIndependentTargetsInParallel = 1;
				LastSwiftUpdateCheck = 1430;
				LastUpgradeCheck = 1430;
				TargetAttributes = {
					04B74E702B9B6EFB00D19F52 = {
						CreatedOnToolsVersion = 14.3.1;
					};
					04B74E802B9B6EFE00D19F52 = {
						CreatedOnToolsVersion = 14.3.1;
						TestTargetID = 04B74E702B9B6EFB00D19F52;
					};
					04B74E8A2B9B6EFE00D19F52 = {
						CreatedOnToolsVersion = 14.3.1;
						TestTargetID = 04B74E702B9B6EFB00D19F52;
					};
				};
			};
			buildConfigurationList = 04B74E6C2B9B6EFB00D19F52 /* Build configuration list for PBXProject "WoolWallet" */;
			compatibilityVersion = "Xcode 14.0";
			developmentRegion = en;
			hasScannedForEncodings = 0;
			knownRegions = (
				en,
				Base,
			);
			mainGroup = 04B74E682B9B6EFB00D19F52;
			packageReferences = (
				049901AB2CFF671D00BE15FC /* XCRemoteSwiftPackageReference "UIImageColors" */,
			);
			productRefGroup = 04B74E722B9B6EFB00D19F52 /* Products */;
			projectDirPath = "";
			projectRoot = "";
			targets = (
				04B74E702B9B6EFB00D19F52 /* WoolWallet */,
				04B74E802B9B6EFE00D19F52 /* WoolWalletTests */,
				04B74E8A2B9B6EFE00D19F52 /* WoolWalletUITests */,
			);
		};
/* End PBXProject section */

/* Begin PBXResourcesBuildPhase section */
		04B74E6F2B9B6EFB00D19F52 /* Resources */ = {
			isa = PBXResourcesBuildPhase;
			buildActionMask = 2147483647;
			files = (
				04E6018E2CA915C100865991 /* .gitignore in Resources */,
				04B74E7C2B9B6EFE00D19F52 /* Preview Assets.xcassets in Resources */,
				04B74E792B9B6EFE00D19F52 /* Assets.xcassets in Resources */,
				042B0A742CAF309B003CDCF0 /* LaunchScreen.storyboard in Resources */,
				04421B592BAE25110034E16A /* Lato in Resources */,
			);
			runOnlyForDeploymentPostprocessing = 0;
		};
		04B74E7F2B9B6EFE00D19F52 /* Resources */ = {
			isa = PBXResourcesBuildPhase;
			buildActionMask = 2147483647;
			files = (
			);
			runOnlyForDeploymentPostprocessing = 0;
		};
		04B74E892B9B6EFE00D19F52 /* Resources */ = {
			isa = PBXResourcesBuildPhase;
			buildActionMask = 2147483647;
			files = (
			);
			runOnlyForDeploymentPostprocessing = 0;
		};
/* End PBXResourcesBuildPhase section */

/* Begin PBXShellScriptBuildPhase section */
		144F0031B410A0ABB7A11958 /* [CP] Check Pods Manifest.lock */ = {
			isa = PBXShellScriptBuildPhase;
			buildActionMask = 2147483647;
			files = (
			);
			inputFileListPaths = (
			);
			inputPaths = (
				"${PODS_PODFILE_DIR_PATH}/Podfile.lock",
				"${PODS_ROOT}/Manifest.lock",
			);
			name = "[CP] Check Pods Manifest.lock";
			outputFileListPaths = (
			);
			outputPaths = (
				"$(DERIVED_FILE_DIR)/Pods-WoolWallet-WoolWalletUITests-checkManifestLockResult.txt",
			);
			runOnlyForDeploymentPostprocessing = 0;
			shellPath = /bin/sh;
			shellScript = "diff \"${PODS_PODFILE_DIR_PATH}/Podfile.lock\" \"${PODS_ROOT}/Manifest.lock\" > /dev/null\nif [ $? != 0 ] ; then\n    # print error to STDERR\n    echo \"error: The sandbox is not in sync with the Podfile.lock. Run 'pod install' or update your CocoaPods installation.\" >&2\n    exit 1\nfi\n# This output is used by Xcode 'outputs' to avoid re-running this script phase.\necho \"SUCCESS\" > \"${SCRIPT_OUTPUT_FILE_0}\"\n";
			showEnvVarsInLog = 0;
		};
		17EA170940187FD28E3C03CC /* [CP] Check Pods Manifest.lock */ = {
			isa = PBXShellScriptBuildPhase;
			buildActionMask = 2147483647;
			files = (
			);
			inputFileListPaths = (
			);
			inputPaths = (
				"${PODS_PODFILE_DIR_PATH}/Podfile.lock",
				"${PODS_ROOT}/Manifest.lock",
			);
			name = "[CP] Check Pods Manifest.lock";
			outputFileListPaths = (
			);
			outputPaths = (
				"$(DERIVED_FILE_DIR)/Pods-WoolWalletTests-checkManifestLockResult.txt",
			);
			runOnlyForDeploymentPostprocessing = 0;
			shellPath = /bin/sh;
			shellScript = "diff \"${PODS_PODFILE_DIR_PATH}/Podfile.lock\" \"${PODS_ROOT}/Manifest.lock\" > /dev/null\nif [ $? != 0 ] ; then\n    # print error to STDERR\n    echo \"error: The sandbox is not in sync with the Podfile.lock. Run 'pod install' or update your CocoaPods installation.\" >&2\n    exit 1\nfi\n# This output is used by Xcode 'outputs' to avoid re-running this script phase.\necho \"SUCCESS\" > \"${SCRIPT_OUTPUT_FILE_0}\"\n";
			showEnvVarsInLog = 0;
		};
		1D4E16C01216C373C9D026BB /* [CP] Embed Pods Frameworks */ = {
			isa = PBXShellScriptBuildPhase;
			buildActionMask = 2147483647;
			files = (
			);
			inputFileListPaths = (
				"${PODS_ROOT}/Target Support Files/Pods-WoolWallet/Pods-WoolWallet-frameworks-${CONFIGURATION}-input-files.xcfilelist",
			);
			name = "[CP] Embed Pods Frameworks";
			outputFileListPaths = (
				"${PODS_ROOT}/Target Support Files/Pods-WoolWallet/Pods-WoolWallet-frameworks-${CONFIGURATION}-output-files.xcfilelist",
			);
			runOnlyForDeploymentPostprocessing = 0;
			shellPath = /bin/sh;
			shellScript = "\"${PODS_ROOT}/Target Support Files/Pods-WoolWallet/Pods-WoolWallet-frameworks.sh\"\n";
			showEnvVarsInLog = 0;
		};
		645D2749E750772DAB74830C /* [CP] Check Pods Manifest.lock */ = {
			isa = PBXShellScriptBuildPhase;
			buildActionMask = 2147483647;
			files = (
			);
			inputFileListPaths = (
			);
			inputPaths = (
				"${PODS_PODFILE_DIR_PATH}/Podfile.lock",
				"${PODS_ROOT}/Manifest.lock",
			);
			name = "[CP] Check Pods Manifest.lock";
			outputFileListPaths = (
			);
			outputPaths = (
				"$(DERIVED_FILE_DIR)/Pods-WoolWallet-checkManifestLockResult.txt",
			);
			runOnlyForDeploymentPostprocessing = 0;
			shellPath = /bin/sh;
			shellScript = "diff \"${PODS_PODFILE_DIR_PATH}/Podfile.lock\" \"${PODS_ROOT}/Manifest.lock\" > /dev/null\nif [ $? != 0 ] ; then\n    # print error to STDERR\n    echo \"error: The sandbox is not in sync with the Podfile.lock. Run 'pod install' or update your CocoaPods installation.\" >&2\n    exit 1\nfi\n# This output is used by Xcode 'outputs' to avoid re-running this script phase.\necho \"SUCCESS\" > \"${SCRIPT_OUTPUT_FILE_0}\"\n";
			showEnvVarsInLog = 0;
		};
		BC1B404ED21A516BDC995A66 /* [CP] Embed Pods Frameworks */ = {
			isa = PBXShellScriptBuildPhase;
			buildActionMask = 2147483647;
			files = (
			);
			inputFileListPaths = (
				"${PODS_ROOT}/Target Support Files/Pods-WoolWallet-WoolWalletUITests/Pods-WoolWallet-WoolWalletUITests-frameworks-${CONFIGURATION}-input-files.xcfilelist",
			);
			name = "[CP] Embed Pods Frameworks";
			outputFileListPaths = (
				"${PODS_ROOT}/Target Support Files/Pods-WoolWallet-WoolWalletUITests/Pods-WoolWallet-WoolWalletUITests-frameworks-${CONFIGURATION}-output-files.xcfilelist",
			);
			runOnlyForDeploymentPostprocessing = 0;
			shellPath = /bin/sh;
			shellScript = "\"${PODS_ROOT}/Target Support Files/Pods-WoolWallet-WoolWalletUITests/Pods-WoolWallet-WoolWalletUITests-frameworks.sh\"\n";
			showEnvVarsInLog = 0;
		};
/* End PBXShellScriptBuildPhase section */

/* Begin PBXSourcesBuildPhase section */
		04B74E6D2B9B6EFB00D19F52 /* Sources */ = {
			isa = PBXSourcesBuildPhase;
			buildActionMask = 2147483647;
			files = (
				04A81CFA2CA47E2000BF66CC /* YarnEnums.swift in Sources */,
				043E16EB2CB9AA1A005046B6 /* WeightAndYardageForm.swift in Sources */,
				043E16EF2CBB6B6A005046B6 /* CollapsibleView.swift in Sources */,
				046DB2BA2CD3F30000BAB71F /* RowCounter.swift in Sources */,
				04726D992C9A98BC008769A3 /* Composition.swift in Sources */,
				04A81CF52CA47C6100BF66CC /* ImageCarousel.swift in Sources */,
				042B0A682CAE6300003CDCF0 /* PatternItem.swift in Sources */,
				0486973D2CD7418C00C69076 /* SimpleHorizontalScroll.swift in Sources */,
				042699B22CAF90E600F76B10 /* Pattern.swift in Sources */,
				042B87F82CB06E0B00B34698 /* Image.swift in Sources */,
				0473B97C2BA4021400595BE7 /* YarnInfo.swift in Sources */,
				04B9771F2CE5C847003FD911 /* Technique.swift in Sources */,
				04B9771D2CE5AF8B003FD911 /* Notion.swift in Sources */,
				04B15C5E2C74F6F900A03751 /* StoredColor.swift in Sources */,
				04D5C44F2C87DFCD00DC9697 /* PatternList.swift in Sources */,
				04BAC0C32BAE13E400C26CD8 /* YarnUtils.swift in Sources */,
				04943C4E2CDD93870022165C /* InfoCapsules.swift in Sources */,
				042B0A712CAF008E003CDCF0 /* PatternInfo.swift in Sources */,
				048E0EBB2CD17C43009DBA67 /* ProjectPairing.swift in Sources */,
				04A5C3ED2C4C1E8F00CD5870 /* AnalyzeColorUtils.swift in Sources */,
				04A5C3E52C4C1DE600CD5870 /* ColorPickerView.swift in Sources */,
				048E0EBE2CD18304009DBA67 /* ProjectUtils.swift in Sources */,
				04B15C622C77BAF100A03751 /* FilterYarn.swift in Sources */,
				048E0EC32CD18BF3009DBA67 /* Tabs.swift in Sources */,
				04FB6FCA2CB39955008A0FE8 /* InfoCard.swift in Sources */,
				0458137B2CD9382700784519 /* FilterPattern.swift in Sources */,
				04A81CF32CA4743D00BF66CC /* StoredImage.swift in Sources */,
				04A5C3E72C4C1E1600CD5870 /* UIImage.swift in Sources */,
				049FAA4F2BD1BC3800CF06F7 /* yarn_segmentation_model.mlpackage in Sources */,
				046DB2B82CD33D3400BAB71F /* RowCounterForm.swift in Sources */,
				0409BC3D2CDDE63500BAC49C /* CenteredLoader.swift in Sources */,
				04943C4C2CDD8A000022165C /* FlexView.swift in Sources */,
				047DE4D52B9FFB6900F0A2D5 /* YarnList.swift in Sources */,
				0464B6202CC2F78D00EADD48 /* PossiblePatterns.swift in Sources */,
				04421B6B2BAF48B30034E16A /* OpenCVWrapper.mm in Sources */,
				0486973B2CD6C2B100C69076 /* ViewLengthAndYardage.swift in Sources */,
				046AAD422CE95BE500CCC55E /* Double.swift in Sources */,
				048E0EB92CD17633009DBA67 /* Project.swift in Sources */,
				04ADF9852CCB60EA00C821A5 /* WeightAndYardageUtils.swift in Sources */,
				04A15AA22CD5EE0100EA4B1D /* FancyHorizontalScroll.swift in Sources */,
				04CA29212CDC17D30073DB20 /* PatternItemDisplay.swift in Sources */,
				044E55CA2CCFED46004574FD /* FavoritePairing.swift in Sources */,
				0409BC3B2CDDE18B00BAC49C /* YarnPreview.swift in Sources */,
				0466F21B2CA919CE0094F3DA /* View.swift in Sources */,
				048D66052CA0E9890051D7A3 /* EditComposition.swift in Sources */,
				04A5C3E22C4C1DA600CD5870 /* UIColor.swift in Sources */,
				04B74E752B9B6EFB00D19F52 /* WoolWalletApp.swift in Sources */,
				043E16ED2CBA0E52005046B6 /* ViewWeightAndYardage.swift in Sources */,
				047DE4CC2B9FF40600F0A2D5 /* PersistenceController.swift in Sources */,
				048E0EC52CD1D346009DBA67 /* ProjectInfo.swift in Sources */,
				04BAC0C12BAE0D1D00C26CD8 /* GlobalSettings.swift in Sources */,
				04B710272CA1E76900D9292A /* AnyTransition.swift in Sources */,
				0466F21D2CA91A780094F3DA /* AddOrEditPatternForm.swift in Sources */,
				0454B9A72CE084DD005B4391 /* Dashboard.swift in Sources */,
				043E16E72CB9A0E1005046B6 /* RecYarnForm.swift in Sources */,
				047D02B32CC0178800DDF4F3 /* RecYarnHeader.swift in Sources */,
				048ED2E72CC7537A00DB790A /* ScrollDots.swift in Sources */,
				042BF1562CA61D9D008740FB /* TextFieldTypeahead.swift in Sources */,
				04B4441A2CE1CF6400632718 /* PostCompleteForm.swift in Sources */,
				0411DCCC2CD2835B00007296 /* DateUtils.swift in Sources */,
				043E16E92CB9A76D005046B6 /* WeightAndYardage.swift in Sources */,
				048ED2EB2CC9522200DB790A /* AddOrEditProjectForm.swift in Sources */,
				046A96442BA17B1C00E83055 /* Toast.swift in Sources */,
				04D5C4512C87E01E00DC9697 /* ProjectList.swift in Sources */,
				047DE4CF2B9FF78700F0A2D5 /* Data.xcdatamodeld in Sources */,
				04D415122C9F61BD004E1AFD /* AddOrEditYarnForm.swift in Sources */,
				042B0A6C2CAE641C003CDCF0 /* KnittingNeedle.swift in Sources */,
				0411DCCE2CD28F5200007296 /* NewItemHeader.swift in Sources */,
				04F083EA2CDBBF63002E40A0 /* ProjectPreview.swift in Sources */,
				042B0A6A2CAE63B0003CDCF0 /* CrochetHook.swift in Sources */,
				042CC1E82BAB9BFF008DD2F6 /* ConditionalStack.swift in Sources */,
				04B15C602C76220300A03751 /* Yarn.swift in Sources */,
				04A15AA02CD5652B00EA4B1D /* PatternPreview.swift in Sources */,
				04CA29232CDC17F70073DB20 /* ProjectDateDisplay.swift in Sources */,
				042B0A6F2CAEFFBA003CDCF0 /* PatternUtils.swift in Sources */,
				04F083E82CDB35DD002E40A0 /* FilterCapsule.swift in Sources */,
				042530BD2CB24DF8008804C7 /* MaterialPicker.swift in Sources */,
				048746B52CADC24700C3472B /* PatternEnums.swift in Sources */,
				041265072CC2AF7700D497BF /* YarnSuggestions.swift in Sources */,
				04D596032B9E9C2200E1913C /* AccessCamera.swift in Sources */,
				048E0EC12CD1893E009DBA67 /* ProjectEnums.swift in Sources */,
				04A5C3E02C4C1D8300CD5870 /* Color.swift in Sources */,
			);
			runOnlyForDeploymentPostprocessing = 0;
		};
		04B74E7D2B9B6EFE00D19F52 /* Sources */ = {
			isa = PBXSourcesBuildPhase;
			buildActionMask = 2147483647;
			files = (
				04B74E862B9B6EFE00D19F52 /* WoolWalletTests.swift in Sources */,
			);
			runOnlyForDeploymentPostprocessing = 0;
		};
		04B74E872B9B6EFE00D19F52 /* Sources */ = {
			isa = PBXSourcesBuildPhase;
			buildActionMask = 2147483647;
			files = (
				04B74E922B9B6EFE00D19F52 /* WoolWalletUITestsLaunchTests.swift in Sources */,
				04B74E902B9B6EFE00D19F52 /* WoolWalletUITests.swift in Sources */,
			);
			runOnlyForDeploymentPostprocessing = 0;
		};
/* End PBXSourcesBuildPhase section */

/* Begin PBXTargetDependency section */
		04B74E832B9B6EFE00D19F52 /* PBXTargetDependency */ = {
			isa = PBXTargetDependency;
			target = 04B74E702B9B6EFB00D19F52 /* WoolWallet */;
			targetProxy = 04B74E822B9B6EFE00D19F52 /* PBXContainerItemProxy */;
		};
		04B74E8D2B9B6EFE00D19F52 /* PBXTargetDependency */ = {
			isa = PBXTargetDependency;
			target = 04B74E702B9B6EFB00D19F52 /* WoolWallet */;
			targetProxy = 04B74E8C2B9B6EFE00D19F52 /* PBXContainerItemProxy */;
		};
/* End PBXTargetDependency section */

/* Begin XCBuildConfiguration section */
		04B74E932B9B6EFE00D19F52 /* Debug */ = {
			isa = XCBuildConfiguration;
			buildSettings = {
				ALWAYS_SEARCH_USER_PATHS = NO;
				CLANG_ANALYZER_NONNULL = YES;
				CLANG_ANALYZER_NUMBER_OBJECT_CONVERSION = YES_AGGRESSIVE;
				CLANG_CXX_LANGUAGE_STANDARD = "gnu++20";
				CLANG_ENABLE_MODULES = YES;
				CLANG_ENABLE_OBJC_ARC = YES;
				CLANG_ENABLE_OBJC_WEAK = YES;
				CLANG_WARN_BLOCK_CAPTURE_AUTORELEASING = YES;
				CLANG_WARN_BOOL_CONVERSION = YES;
				CLANG_WARN_COMMA = YES;
				CLANG_WARN_CONSTANT_CONVERSION = YES;
				CLANG_WARN_DEPRECATED_OBJC_IMPLEMENTATIONS = YES;
				CLANG_WARN_DIRECT_OBJC_ISA_USAGE = YES_ERROR;
				CLANG_WARN_DOCUMENTATION_COMMENTS = YES;
				CLANG_WARN_EMPTY_BODY = YES;
				CLANG_WARN_ENUM_CONVERSION = YES;
				CLANG_WARN_INFINITE_RECURSION = YES;
				CLANG_WARN_INT_CONVERSION = YES;
				CLANG_WARN_NON_LITERAL_NULL_CONVERSION = YES;
				CLANG_WARN_OBJC_IMPLICIT_RETAIN_SELF = YES;
				CLANG_WARN_OBJC_LITERAL_CONVERSION = YES;
				CLANG_WARN_OBJC_ROOT_CLASS = YES_ERROR;
				CLANG_WARN_QUOTED_INCLUDE_IN_FRAMEWORK_HEADER = YES;
				CLANG_WARN_RANGE_LOOP_ANALYSIS = YES;
				CLANG_WARN_STRICT_PROTOTYPES = YES;
				CLANG_WARN_SUSPICIOUS_MOVE = YES;
				CLANG_WARN_UNGUARDED_AVAILABILITY = YES_AGGRESSIVE;
				CLANG_WARN_UNREACHABLE_CODE = YES;
				CLANG_WARN__DUPLICATE_METHOD_MATCH = YES;
				COPY_PHASE_STRIP = NO;
				DEBUG_INFORMATION_FORMAT = dwarf;
				ENABLE_STRICT_OBJC_MSGSEND = YES;
				ENABLE_TESTABILITY = YES;
				GCC_C_LANGUAGE_STANDARD = gnu11;
				GCC_DYNAMIC_NO_PIC = NO;
				GCC_NO_COMMON_BLOCKS = YES;
				GCC_OPTIMIZATION_LEVEL = 0;
				GCC_PREPROCESSOR_DEFINITIONS = (
					"DEBUG=1",
					"$(inherited)",
				);
				GCC_WARN_64_TO_32_BIT_CONVERSION = YES;
				GCC_WARN_ABOUT_RETURN_TYPE = YES_ERROR;
				GCC_WARN_UNDECLARED_SELECTOR = YES;
				GCC_WARN_UNINITIALIZED_AUTOS = YES_AGGRESSIVE;
				GCC_WARN_UNUSED_FUNCTION = YES;
				GCC_WARN_UNUSED_VARIABLE = YES;
				IPHONEOS_DEPLOYMENT_TARGET = 17.2;
				MTL_ENABLE_DEBUG_INFO = INCLUDE_SOURCE;
				MTL_FAST_MATH = YES;
				ONLY_ACTIVE_ARCH = YES;
				SDKROOT = iphoneos;
				SWIFT_ACTIVE_COMPILATION_CONDITIONS = DEBUG;
				SWIFT_OPTIMIZATION_LEVEL = "-Onone";
				SWIFT_VERSION = 5.0;
			};
			name = Debug;
		};
		04B74E942B9B6EFE00D19F52 /* Release */ = {
			isa = XCBuildConfiguration;
			buildSettings = {
				ALWAYS_SEARCH_USER_PATHS = NO;
				CLANG_ANALYZER_NONNULL = YES;
				CLANG_ANALYZER_NUMBER_OBJECT_CONVERSION = YES_AGGRESSIVE;
				CLANG_CXX_LANGUAGE_STANDARD = "gnu++20";
				CLANG_ENABLE_MODULES = YES;
				CLANG_ENABLE_OBJC_ARC = YES;
				CLANG_ENABLE_OBJC_WEAK = YES;
				CLANG_WARN_BLOCK_CAPTURE_AUTORELEASING = YES;
				CLANG_WARN_BOOL_CONVERSION = YES;
				CLANG_WARN_COMMA = YES;
				CLANG_WARN_CONSTANT_CONVERSION = YES;
				CLANG_WARN_DEPRECATED_OBJC_IMPLEMENTATIONS = YES;
				CLANG_WARN_DIRECT_OBJC_ISA_USAGE = YES_ERROR;
				CLANG_WARN_DOCUMENTATION_COMMENTS = YES;
				CLANG_WARN_EMPTY_BODY = YES;
				CLANG_WARN_ENUM_CONVERSION = YES;
				CLANG_WARN_INFINITE_RECURSION = YES;
				CLANG_WARN_INT_CONVERSION = YES;
				CLANG_WARN_NON_LITERAL_NULL_CONVERSION = YES;
				CLANG_WARN_OBJC_IMPLICIT_RETAIN_SELF = YES;
				CLANG_WARN_OBJC_LITERAL_CONVERSION = YES;
				CLANG_WARN_OBJC_ROOT_CLASS = YES_ERROR;
				CLANG_WARN_QUOTED_INCLUDE_IN_FRAMEWORK_HEADER = YES;
				CLANG_WARN_RANGE_LOOP_ANALYSIS = YES;
				CLANG_WARN_STRICT_PROTOTYPES = YES;
				CLANG_WARN_SUSPICIOUS_MOVE = YES;
				CLANG_WARN_UNGUARDED_AVAILABILITY = YES_AGGRESSIVE;
				CLANG_WARN_UNREACHABLE_CODE = YES;
				CLANG_WARN__DUPLICATE_METHOD_MATCH = YES;
				COPY_PHASE_STRIP = NO;
				DEBUG_INFORMATION_FORMAT = "dwarf-with-dsym";
				ENABLE_NS_ASSERTIONS = NO;
				ENABLE_STRICT_OBJC_MSGSEND = YES;
				GCC_C_LANGUAGE_STANDARD = gnu11;
				GCC_NO_COMMON_BLOCKS = YES;
				GCC_WARN_64_TO_32_BIT_CONVERSION = YES;
				GCC_WARN_ABOUT_RETURN_TYPE = YES_ERROR;
				GCC_WARN_UNDECLARED_SELECTOR = YES;
				GCC_WARN_UNINITIALIZED_AUTOS = YES_AGGRESSIVE;
				GCC_WARN_UNUSED_FUNCTION = YES;
				GCC_WARN_UNUSED_VARIABLE = YES;
				IPHONEOS_DEPLOYMENT_TARGET = 17.2;
				MTL_ENABLE_DEBUG_INFO = NO;
				MTL_FAST_MATH = YES;
				SDKROOT = iphoneos;
				SWIFT_COMPILATION_MODE = wholemodule;
				SWIFT_OPTIMIZATION_LEVEL = "-O";
				SWIFT_VERSION = 5.0;
				VALIDATE_PRODUCT = YES;
			};
			name = Release;
		};
		04B74E962B9B6EFE00D19F52 /* Debug */ = {
			isa = XCBuildConfiguration;
			baseConfigurationReference = FDA0566D778E92170B72CEA8 /* Pods-WoolWallet.debug.xcconfig */;
			buildSettings = {
				ASSETCATALOG_COMPILER_APPICON_NAME = AppIcon;
				ASSETCATALOG_COMPILER_GLOBAL_ACCENT_COLOR_NAME = AccentColor;
				CODE_SIGN_STYLE = Automatic;
				CURRENT_PROJECT_VERSION = 1;
				DEVELOPMENT_ASSET_PATHS = "\"WoolWallet/Preview Content\"";
				DEVELOPMENT_TEAM = SSF9R779YZ;
				ENABLE_PREVIEWS = YES;
				"EXCLUDED_ARCHS[sdk=iphonesimulator*]" = arm64;
				GCC_PREFIX_HEADER = WoolWallet/Yarn/MachineLearning/ObjectiveC/PrefixHeader.pch;
				GENERATE_INFOPLIST_FILE = YES;
				INFOPLIST_FILE = WoolWallet/Info.plist;
				INFOPLIST_KEY_LSApplicationCategoryType = "public.app-category.lifestyle";
				INFOPLIST_KEY_NSCameraUsageDescription = "This app needs to capture images to show in the app";
				INFOPLIST_KEY_UIApplicationSceneManifest_Generation = YES;
				INFOPLIST_KEY_UIApplicationSupportsIndirectInputEvents = YES;
				INFOPLIST_KEY_UILaunchStoryboardName = LaunchScreen.storyboard;
				INFOPLIST_KEY_UIStatusBarStyle = UIStatusBarStyleLightContent;
				INFOPLIST_KEY_UISupportedInterfaceOrientations_iPad = "UIInterfaceOrientationPortrait UIInterfaceOrientationPortraitUpsideDown UIInterfaceOrientationLandscapeLeft UIInterfaceOrientationLandscapeRight";
				INFOPLIST_KEY_UISupportedInterfaceOrientations_iPhone = "UIInterfaceOrientationPortrait UIInterfaceOrientationLandscapeLeft UIInterfaceOrientationLandscapeRight";
				IPHONEOS_DEPLOYMENT_TARGET = 17.2;
				LD_RUNPATH_SEARCH_PATHS = (
					"$(inherited)",
					"@executable_path/Frameworks",
				);
				MARKETING_VERSION = 1.0;
				ONLY_ACTIVE_ARCH = NO;
				PRODUCT_BUNDLE_IDENTIFIER = Logan.WoolWallet;
				PRODUCT_NAME = "$(TARGET_NAME)";
				SWIFT_EMIT_LOC_STRINGS = YES;
				SWIFT_OBJC_BRIDGING_HEADER = "WoolWallet/Yarn/MachineLearning/ObjectiveC/WoolWallet-Bridging-Header.h";
				SWIFT_VERSION = 5.0;
				TARGETED_DEVICE_FAMILY = "1,2";
			};
			name = Debug;
		};
		04B74E972B9B6EFE00D19F52 /* Release */ = {
			isa = XCBuildConfiguration;
			baseConfigurationReference = F74F68A142EF87440C101085 /* Pods-WoolWallet.release.xcconfig */;
			buildSettings = {
				ASSETCATALOG_COMPILER_APPICON_NAME = AppIcon;
				ASSETCATALOG_COMPILER_GLOBAL_ACCENT_COLOR_NAME = AccentColor;
				CODE_SIGN_STYLE = Automatic;
				CURRENT_PROJECT_VERSION = 1;
				DEVELOPMENT_ASSET_PATHS = "\"WoolWallet/Preview Content\"";
				DEVELOPMENT_TEAM = SSF9R779YZ;
				ENABLE_PREVIEWS = YES;
				"EXCLUDED_ARCHS[sdk=iphonesimulator*]" = arm64;
				GCC_PREFIX_HEADER = WoolWallet/Yarn/MachineLearning/ObjectiveC/PrefixHeader.pch;
				GENERATE_INFOPLIST_FILE = YES;
				INFOPLIST_FILE = WoolWallet/Info.plist;
				INFOPLIST_KEY_LSApplicationCategoryType = "public.app-category.lifestyle";
				INFOPLIST_KEY_NSCameraUsageDescription = "This app needs to capture images to show in the app";
				INFOPLIST_KEY_UIApplicationSceneManifest_Generation = YES;
				INFOPLIST_KEY_UIApplicationSupportsIndirectInputEvents = YES;
				INFOPLIST_KEY_UILaunchStoryboardName = LaunchScreen.storyboard;
				INFOPLIST_KEY_UIStatusBarStyle = UIStatusBarStyleLightContent;
				INFOPLIST_KEY_UISupportedInterfaceOrientations_iPad = "UIInterfaceOrientationPortrait UIInterfaceOrientationPortraitUpsideDown UIInterfaceOrientationLandscapeLeft UIInterfaceOrientationLandscapeRight";
				INFOPLIST_KEY_UISupportedInterfaceOrientations_iPhone = "UIInterfaceOrientationPortrait UIInterfaceOrientationLandscapeLeft UIInterfaceOrientationLandscapeRight";
				IPHONEOS_DEPLOYMENT_TARGET = 17.2;
				LD_RUNPATH_SEARCH_PATHS = (
					"$(inherited)",
					"@executable_path/Frameworks",
				);
				MARKETING_VERSION = 1.0;
				ONLY_ACTIVE_ARCH = NO;
				PRODUCT_BUNDLE_IDENTIFIER = Logan.WoolWallet;
				PRODUCT_NAME = "$(TARGET_NAME)";
				SWIFT_EMIT_LOC_STRINGS = YES;
				SWIFT_OBJC_BRIDGING_HEADER = "WoolWallet/Yarn/MachineLearning/ObjectiveC/WoolWallet-Bridging-Header.h";
				SWIFT_VERSION = 5.0;
				TARGETED_DEVICE_FAMILY = "1,2";
			};
			name = Release;
		};
		04B74E992B9B6EFE00D19F52 /* Debug */ = {
			isa = XCBuildConfiguration;
			baseConfigurationReference = 95AC5E60B07B5C18EEC548D0 /* Pods-WoolWalletTests.debug.xcconfig */;
			buildSettings = {
				ALWAYS_EMBED_SWIFT_STANDARD_LIBRARIES = YES;
				BUNDLE_LOADER = "$(TEST_HOST)";
				CODE_SIGN_STYLE = Automatic;
				CURRENT_PROJECT_VERSION = 1;
				GENERATE_INFOPLIST_FILE = YES;
				INFOPLIST_FILE = WoolWalletTests/Info.plist;
				IPHONEOS_DEPLOYMENT_TARGET = 16.4;
				MARKETING_VERSION = 1.0;
				PRODUCT_BUNDLE_IDENTIFIER = Logan.WoolWalletTests;
				PRODUCT_NAME = "$(TARGET_NAME)";
				SWIFT_EMIT_LOC_STRINGS = NO;
				SWIFT_VERSION = 5.0;
				TARGETED_DEVICE_FAMILY = "1,2";
				TEST_HOST = "$(BUILT_PRODUCTS_DIR)/WoolWallet.app/$(BUNDLE_EXECUTABLE_FOLDER_PATH)/WoolWallet";
			};
			name = Debug;
		};
		04B74E9A2B9B6EFE00D19F52 /* Release */ = {
			isa = XCBuildConfiguration;
			baseConfigurationReference = 7338B4F5185D3C1E765D3F2E /* Pods-WoolWalletTests.release.xcconfig */;
			buildSettings = {
				ALWAYS_EMBED_SWIFT_STANDARD_LIBRARIES = YES;
				BUNDLE_LOADER = "$(TEST_HOST)";
				CODE_SIGN_STYLE = Automatic;
				CURRENT_PROJECT_VERSION = 1;
				GENERATE_INFOPLIST_FILE = YES;
				INFOPLIST_FILE = WoolWalletTests/Info.plist;
				IPHONEOS_DEPLOYMENT_TARGET = 16.4;
				MARKETING_VERSION = 1.0;
				PRODUCT_BUNDLE_IDENTIFIER = Logan.WoolWalletTests;
				PRODUCT_NAME = "$(TARGET_NAME)";
				SWIFT_EMIT_LOC_STRINGS = NO;
				SWIFT_VERSION = 5.0;
				TARGETED_DEVICE_FAMILY = "1,2";
				TEST_HOST = "$(BUILT_PRODUCTS_DIR)/WoolWallet.app/$(BUNDLE_EXECUTABLE_FOLDER_PATH)/WoolWallet";
			};
			name = Release;
		};
		04B74E9C2B9B6EFE00D19F52 /* Debug */ = {
			isa = XCBuildConfiguration;
			baseConfigurationReference = 05E59D743EE22A611AB12A69 /* Pods-WoolWallet-WoolWalletUITests.debug.xcconfig */;
			buildSettings = {
				ALWAYS_EMBED_SWIFT_STANDARD_LIBRARIES = YES;
				CODE_SIGN_STYLE = Automatic;
				CURRENT_PROJECT_VERSION = 1;
				GENERATE_INFOPLIST_FILE = YES;
				MARKETING_VERSION = 1.0;
				PRODUCT_BUNDLE_IDENTIFIER = Logan.WoolWalletUITests;
				PRODUCT_NAME = "$(TARGET_NAME)";
				SWIFT_EMIT_LOC_STRINGS = NO;
				SWIFT_VERSION = 5.0;
				TARGETED_DEVICE_FAMILY = "1,2";
				TEST_TARGET_NAME = WoolWallet;
			};
			name = Debug;
		};
		04B74E9D2B9B6EFE00D19F52 /* Release */ = {
			isa = XCBuildConfiguration;
			baseConfigurationReference = CA9ED2561CDE493CE7D6CA76 /* Pods-WoolWallet-WoolWalletUITests.release.xcconfig */;
			buildSettings = {
				ALWAYS_EMBED_SWIFT_STANDARD_LIBRARIES = YES;
				CODE_SIGN_STYLE = Automatic;
				CURRENT_PROJECT_VERSION = 1;
				GENERATE_INFOPLIST_FILE = YES;
				MARKETING_VERSION = 1.0;
				PRODUCT_BUNDLE_IDENTIFIER = Logan.WoolWalletUITests;
				PRODUCT_NAME = "$(TARGET_NAME)";
				SWIFT_EMIT_LOC_STRINGS = NO;
				SWIFT_VERSION = 5.0;
				TARGETED_DEVICE_FAMILY = "1,2";
				TEST_TARGET_NAME = WoolWallet;
			};
			name = Release;
		};
/* End XCBuildConfiguration section */

/* Begin XCConfigurationList section */
		04B74E6C2B9B6EFB00D19F52 /* Build configuration list for PBXProject "WoolWallet" */ = {
			isa = XCConfigurationList;
			buildConfigurations = (
				04B74E932B9B6EFE00D19F52 /* Debug */,
				04B74E942B9B6EFE00D19F52 /* Release */,
			);
			defaultConfigurationIsVisible = 0;
			defaultConfigurationName = Release;
		};
		04B74E952B9B6EFE00D19F52 /* Build configuration list for PBXNativeTarget "WoolWallet" */ = {
			isa = XCConfigurationList;
			buildConfigurations = (
				04B74E962B9B6EFE00D19F52 /* Debug */,
				04B74E972B9B6EFE00D19F52 /* Release */,
			);
			defaultConfigurationIsVisible = 0;
			defaultConfigurationName = Release;
		};
		04B74E982B9B6EFE00D19F52 /* Build configuration list for PBXNativeTarget "WoolWalletTests" */ = {
			isa = XCConfigurationList;
			buildConfigurations = (
				04B74E992B9B6EFE00D19F52 /* Debug */,
				04B74E9A2B9B6EFE00D19F52 /* Release */,
			);
			defaultConfigurationIsVisible = 0;
			defaultConfigurationName = Release;
		};
		04B74E9B2B9B6EFE00D19F52 /* Build configuration list for PBXNativeTarget "WoolWalletUITests" */ = {
			isa = XCConfigurationList;
			buildConfigurations = (
				04B74E9C2B9B6EFE00D19F52 /* Debug */,
				04B74E9D2B9B6EFE00D19F52 /* Release */,
			);
			defaultConfigurationIsVisible = 0;
			defaultConfigurationName = Release;
		};
/* End XCConfigurationList section */

/* Begin XCRemoteSwiftPackageReference section */
		049901AB2CFF671D00BE15FC /* XCRemoteSwiftPackageReference "UIImageColors" */ = {
			isa = XCRemoteSwiftPackageReference;
			repositoryURL = "git@github.com:jathu/UIImageColors.git";
			requirement = {
				kind = upToNextMajorVersion;
				minimumVersion = 2.2.0;
			};
		};
/* End XCRemoteSwiftPackageReference section */

/* Begin XCSwiftPackageProductDependency section */
		049901AC2CFF671D00BE15FC /* UIImageColors */ = {
			isa = XCSwiftPackageProductDependency;
			package = 049901AB2CFF671D00BE15FC /* XCRemoteSwiftPackageReference "UIImageColors" */;
			productName = UIImageColors;
		};
/* End XCSwiftPackageProductDependency section */

/* Begin XCVersionGroup section */
		047DE4CD2B9FF78700F0A2D5 /* Data.xcdatamodeld */ = {
			isa = XCVersionGroup;
			children = (
				047DE4CE2B9FF78700F0A2D5 /* Data.xcdatamodel */,
			);
			currentVersion = 047DE4CE2B9FF78700F0A2D5 /* Data.xcdatamodel */;
			path = Data.xcdatamodeld;
			sourceTree = "<group>";
			versionGroupType = wrapper.xcdatamodel;
		};
/* End XCVersionGroup section */
	};
	rootObject = 04B74E692B9B6EFB00D19F52 /* Project object */;
}
